// !$*UTF8*$!
{
	archiveVersion = 1;
	classes = {
	};
	objectVersion = 56;
	objects = {

/* Begin PBXBuildFile section */
		3F13B333BDA24182B72236B6 /* HistoryListView.swift in Sources */ = {isa = PBXBuildFile; fileRef = 3F13B333BDA24182B72236B7 /* HistoryListView.swift */; };
		560FAA5B2E6B43E900BFFC6D /* Localizable.strings in Resources */ = {isa = PBXBuildFile; fileRef = 560FAA5A2E6B43E900BFFC6D /* Localizable.strings */; };
		560FAA5D2E6B440500BFFC6D /* Strings+Generated.swift in Sources */ = {isa = PBXBuildFile; fileRef = 560FAA5C2E6B440500BFFC6D /* Strings+Generated.swift */; };
		5622B0CA2E3176F5002C7E74 /* PotSizeDTO.swift in Sources */ = {isa = PBXBuildFile; fileRef = 5622B0C72E3176F5002C7E74 /* PotSizeDTO.swift */; };
		5622B0CB2E3176F5002C7E74 /* SensorDataDTO.swift in Sources */ = {isa = PBXBuildFile; fileRef = 5622B0C82E3176F5002C7E74 /* SensorDataDTO.swift */; };
		5622B0CC2E3176F5002C7E74 /* OptimalRangeDTO.swift in Sources */ = {isa = PBXBuildFile; fileRef = 5622B0C62E3176F5002C7E74 /* OptimalRangeDTO.swift */; };
		5622B0CD2E3176F5002C7E74 /* FlowerDeviceDTO.swift in Sources */ = {isa = PBXBuildFile; fileRef = 5622B0C52E3176F5002C7E74 /* FlowerDeviceDTO.swift */; };
		5622B0D92E317710002C7E74 /* CoreDataPotSizeRepository.swift in Sources */ = {isa = PBXBuildFile; fileRef = 5622B0D02E317710002C7E74 /* CoreDataPotSizeRepository.swift */; };
		5622B0DA2E317710002C7E74 /* RepositoryError.swift in Sources */ = {isa = PBXBuildFile; fileRef = 5622B0D62E317710002C7E74 /* RepositoryError.swift */; };
		5622B0DB2E317710002C7E74 /* PotSizeRepository.swift in Sources */ = {isa = PBXBuildFile; fileRef = 5622B0D52E317710002C7E74 /* PotSizeRepository.swift */; };
		5622B0DC2E317710002C7E74 /* OptimalRangeRepository.swift in Sources */ = {isa = PBXBuildFile; fileRef = 5622B0D42E317710002C7E74 /* OptimalRangeRepository.swift */; };
		5622B0DD2E317710002C7E74 /* SensorDataRepository.swift in Sources */ = {isa = PBXBuildFile; fileRef = 5622B0D72E317710002C7E74 /* SensorDataRepository.swift */; };
		5622B0DE2E317710002C7E74 /* CoreDataOptimalRangeRepository.swift in Sources */ = {isa = PBXBuildFile; fileRef = 5622B0CF2E317710002C7E74 /* CoreDataOptimalRangeRepository.swift */; };
		5622B0DF2E317710002C7E74 /* CoreDataFlowerDeviceRepository.swift in Sources */ = {isa = PBXBuildFile; fileRef = 5622B0CE2E317710002C7E74 /* CoreDataFlowerDeviceRepository.swift */; };
		5622B0E02E317710002C7E74 /* CoreDataSensorDataRepository.swift in Sources */ = {isa = PBXBuildFile; fileRef = 5622B0D12E317710002C7E74 /* CoreDataSensorDataRepository.swift */; };
		5622B0E12E317710002C7E74 /* FlowerDeviceRepository.swift in Sources */ = {isa = PBXBuildFile; fileRef = 5622B0D32E317710002C7E74 /* FlowerDeviceRepository.swift */; };
		5622B0E32E317717002C7E74 /* RepositoryManager.swift in Sources */ = {isa = PBXBuildFile; fileRef = 5622B0E22E317717002C7E74 /* RepositoryManager.swift */; };
		5622B0E92E317737002C7E74 /* OptimalRange+DTO.swift in Sources */ = {isa = PBXBuildFile; fileRef = 5622B0E52E317737002C7E74 /* OptimalRange+DTO.swift */; };
		5622B0EA2E317737002C7E74 /* SensorData+DTO.swift in Sources */ = {isa = PBXBuildFile; fileRef = 5622B0E72E317737002C7E74 /* SensorData+DTO.swift */; };
		5622B0EB2E317737002C7E74 /* FlowerDevice+DTO.swift in Sources */ = {isa = PBXBuildFile; fileRef = 5622B0E42E317737002C7E74 /* FlowerDevice+DTO.swift */; };
		5622B0EC2E317737002C7E74 /* PotSize+DTO.swift in Sources */ = {isa = PBXBuildFile; fileRef = 5622B0E62E317737002C7E74 /* PotSize+DTO.swift */; };
		5622B0EE2E327ADD002C7E74 /* SensorDataDTO+CoreData.swift in Sources */ = {isa = PBXBuildFile; fileRef = 5622B0ED2E327ADD002C7E74 /* SensorDataDTO+CoreData.swift */; };
		56241CDE2DFD1E720012B18E /* CircularProgress.swift in Sources */ = {isa = PBXBuildFile; fileRef = 56241CDD2DFD1E6A0012B18E /* CircularProgress.swift */; };
		56241CE12E03591C0012B18E /* FlowerPot.swift in Sources */ = {isa = PBXBuildFile; fileRef = 56241CE02E0359180012B18E /* FlowerPot.swift */; };
		562629002C42E32700B5DB2A /* AppIntent.swift in Sources */ = {isa = PBXBuildFile; fileRef = 562628FF2C42E32200B5DB2A /* AppIntent.swift */; };
		565058C72E3A98A200CC6E2B /* FlowerSelectionView.swift in Sources */ = {isa = PBXBuildFile; fileRef = 565058C62E3A98A200CC6E2B /* FlowerSelectionView.swift */; };
		565058CB2E3F64F900CC6E2B /* LogExportView.swift in Sources */ = {isa = PBXBuildFile; fileRef = 565058C82E3F64F900CC6E2B /* LogExportView.swift */; };
		565058CC2E3F64F900CC6E2B /* Logger.swift in Sources */ = {isa = PBXBuildFile; fileRef = 565058C92E3F64F900CC6E2B /* Logger.swift */; };
		5654B2AC2CB44DA500EED3D3 /* Extensions.swift in Sources */ = {isa = PBXBuildFile; fileRef = 5654B2AB2CB44DA000EED3D3 /* Extensions.swift */; };
		5654B2B92CB4575E00EED3D3 /* SettingsView.swift in Sources */ = {isa = PBXBuildFile; fileRef = 5654B2B82CB4575C00EED3D3 /* SettingsView.swift */; };
		5699C0F42E126A5C00FA9A11 /* AppSettingsView.swift in Sources */ = {isa = PBXBuildFile; fileRef = 5699C0F02E126A5C00FA9A11 /* AppSettingsView.swift */; };
		5699C0F52E126A5C00FA9A11 /* NotificationPreferenceStore.swift in Sources */ = {isa = PBXBuildFile; fileRef = 5699C0F12E126A5C00FA9A11 /* NotificationPreferenceStore.swift */; };
		5654B2BB2CB45C6E00EED3D3 /* SensorDataDecoderTests.swift in Sources */ = {isa = PBXBuildFile; fileRef = 5654B2BA2CB45C6600EED3D3 /* SensorDataDecoderTests.swift */; };
		5654B2BD2CB46EE600EED3D3 /* OverviewListViewModelTests.swift in Sources */ = {isa = PBXBuildFile; fileRef = 5654B2BC2CB46EDB00EED3D3 /* OverviewListViewModelTests.swift */; };
		5654B2C12CB4739C00EED3D3 /* AddDeviceViewModelTests.swift in Sources */ = {isa = PBXBuildFile; fileRef = 5654B2C02CB4739400EED3D3 /* AddDeviceViewModelTests.swift */; };
		565DEC402C159B93002D784A /* DeviceDetailsView.swift in Sources */ = {isa = PBXBuildFile; fileRef = 565DEC3F2C159B93002D784A /* DeviceDetailsView.swift */; };
		565DEC422C159BA3002D784A /* DeviceDetailsViewModel.swift in Sources */ = {isa = PBXBuildFile; fileRef = 565DEC412C159BA3002D784A /* DeviceDetailsViewModel.swift */; };
		5667BD8A2C28925300D04382 /* SensorData.swift in Sources */ = {isa = PBXBuildFile; fileRef = 5667BD892C28924600D04382 /* SensorData.swift */; };
		5684E2DB2C0F81C0005CD8B6 /* AddDeviceView.swift in Sources */ = {isa = PBXBuildFile; fileRef = 5684E2DA2C0F81C0005CD8B6 /* AddDeviceView.swift */; };
		5684E2DD2C0F81E7005CD8B6 /* AddDeviceViewModel.swift in Sources */ = {isa = PBXBuildFile; fileRef = 5684E2DC2C0F81E7005CD8B6 /* AddDeviceViewModel.swift */; };
		5684E2DF2C0F820D005CD8B6 /* AddDeviceBLE.swift in Sources */ = {isa = PBXBuildFile; fileRef = 5684E2DE2C0F820D005CD8B6 /* AddDeviceBLE.swift */; };
		5684E2E22C0FA2EE005CD8B6 /* OverviewList.swift in Sources */ = {isa = PBXBuildFile; fileRef = 5684E2E12C0FA2EE005CD8B6 /* OverviewList.swift */; };
		5684E2E42C0FA2FA005CD8B6 /* OverviewListViewModel.swift in Sources */ = {isa = PBXBuildFile; fileRef = 5684E2E32C0FA2FA005CD8B6 /* OverviewListViewModel.swift */; };
		568892082C83293A000E8FAE /* SensorDataChart.swift in Sources */ = {isa = PBXBuildFile; fileRef = 568892072C832936000E8FAE /* SensorDataChart.swift */; };
		5688920B2C84B4BD000E8FAE /* AppDelegate.swift in Sources */ = {isa = PBXBuildFile; fileRef = 5688920A2C84B4B9000E8FAE /* AppDelegate.swift */; };
		569417562E0DD9C000AE7586 /* CoreDataModels.xcdatamodeld in Sources */ = {isa = PBXBuildFile; fileRef = 569417542E0DD9C000AE7586 /* CoreDataModels.xcdatamodeld */; };
		569B70ED2C10F221005B7BC9 /* DataService.swift in Sources */ = {isa = PBXBuildFile; fileRef = 569B70EC2C10F221005B7BC9 /* DataService.swift */; };
		56A8C6EA2D8ECF37004021C0 /* AddDeviceDetails.swift in Sources */ = {isa = PBXBuildFile; fileRef = 56A8C6E92D8ECF31004021C0 /* AddDeviceDetails.swift */; };
		56A8C6ED2D8EF1E7004021C0 /* Alert.swift in Sources */ = {isa = PBXBuildFile; fileRef = 56A8C6EC2D8EF1E5004021C0 /* Alert.swift */; };
		56A8C6EF2D8F38CD004021C0 /* Button.swift in Sources */ = {isa = PBXBuildFile; fileRef = 56A8C6EE2D8F38C9004021C0 /* Button.swift */; };
		56A8C6F12D90095B004021C0 /* HistoryLoadingView.swift in Sources */ = {isa = PBXBuildFile; fileRef = 56A8C6F02D900954004021C0 /* HistoryLoadingView.swift */; };
		56A948F72DE3A4790010575F /* FlowerSearch.swift in Sources */ = {isa = PBXBuildFile; fileRef = 56A948F62DE3A4710010575F /* FlowerSearch.swift */; };
		56A948F92DE3A5370010575F /* SpeciesModel.swift in Sources */ = {isa = PBXBuildFile; fileRef = 56A948F82DE3A5310010575F /* SpeciesModel.swift */; };
		56AF11192BDED05900887073 /* GrowGuardApp.swift in Sources */ = {isa = PBXBuildFile; fileRef = 56AF11182BDED05900887073 /* GrowGuardApp.swift */; };
		56AF111B2BDED05900887073 /* ContentView.swift in Sources */ = {isa = PBXBuildFile; fileRef = 56AF111A2BDED05900887073 /* ContentView.swift */; };
		56AF111F2BDED05B00887073 /* Assets.xcassets in Resources */ = {isa = PBXBuildFile; fileRef = 56AF111E2BDED05B00887073 /* Assets.xcassets */; };
		56AF11232BDED05B00887073 /* Preview Assets.xcassets in Resources */ = {isa = PBXBuildFile; fileRef = 56AF11222BDED05B00887073 /* Preview Assets.xcassets */; };
		56AF112D2BDED05B00887073 /* GrowGuardTests.swift in Sources */ = {isa = PBXBuildFile; fileRef = 56AF112C2BDED05B00887073 /* GrowGuardTests.swift */; };
		56AF11372BDED05B00887073 /* GrowGuardUITests.swift in Sources */ = {isa = PBXBuildFile; fileRef = 56AF11362BDED05B00887073 /* GrowGuardUITests.swift */; };
		56AF11392BDED05B00887073 /* GrowGuardUITestsLaunchTests.swift in Sources */ = {isa = PBXBuildFile; fileRef = 56AF11382BDED05B00887073 /* GrowGuardUITestsLaunchTests.swift */; };
		56B3B7392EA5181700AE41E9 /* WeeklySensorUpdateService.swift in Sources */ = {isa = PBXBuildFile; fileRef = 56B3B7382EA5181700AE41E9 /* WeeklySensorUpdateService.swift */; };
		56B44CC32D6E7B3F00A6A75A /* FlowerManager.swift in Sources */ = {isa = PBXBuildFile; fileRef = 56B44CBE2D6E7B3F00A6A75A /* FlowerManager.swift */; };
		56B44CC42D6E7B3F00A6A75A /* HistoricalSensorData.swift in Sources */ = {isa = PBXBuildFile; fileRef = 56B44CBF2D6E7B3F00A6A75A /* HistoricalSensorData.swift */; };
		56B44CC52D6E7B3F00A6A75A /* SensorDataDecoder.swift in Sources */ = {isa = PBXBuildFile; fileRef = 56B44CC02D6E7B3F00A6A75A /* SensorDataDecoder.swift */; };
		56B44CC62D6E7B3F00A6A75A /* UUIDs.swift in Sources */ = {isa = PBXBuildFile; fileRef = 56B44CC12D6E7B3F00A6A75A /* UUIDs.swift */; };
		56B44CCA2D724D7700A6A75A /* OnbordingView.swift in Sources */ = {isa = PBXBuildFile; fileRef = 56B44CC92D724D7200A6A75A /* OnbordingView.swift */; };
		56B44CCC2D725C2700A6A75A /* PlantMonitorService.swift in Sources */ = {isa = PBXBuildFile; fileRef = 56B44CCB2D725C2700A6A75A /* PlantMonitorService.swift */; };
		56B44CCE2D78E8EC00A6A75A /* print.swift in Sources */ = {isa = PBXBuildFile; fileRef = 56B44CCD2D78E8EB00A6A75A /* print.swift */; };
		56BF5F9B2DFA5D7300D9B2AE /* AddWithoutSensor.swift in Sources */ = {isa = PBXBuildFile; fileRef = 56BF5F9A2DFA5D6C00D9B2AE /* AddWithoutSensor.swift */; };
		56BF5F9D2DFA5E9100D9B2AE /* AddWithoutSensorViewModel.swift in Sources */ = {isa = PBXBuildFile; fileRef = 56BF5F9C2DFA5E8900D9B2AE /* AddWithoutSensorViewModel.swift */; };
		56D35EB72E2BE5730059FEE6 /* PotView.swift in Sources */ = {isa = PBXBuildFile; fileRef = 56D35EB62E2BE56C0059FEE6 /* PotView.swift */; };
		56DC564A2DD9251C00041DBA /* flower.db in Resources */ = {isa = PBXBuildFile; fileRef = 56DC56492DD9251C00041DBA /* flower.db */; };
		56DC564D2DD9256800041DBA /* GRDB in Frameworks */ = {isa = PBXBuildFile; productRef = 56DC564C2DD9256800041DBA /* GRDB */; };
		56F0F7DB2E564C0400B538AF /* MoistureAnomalyService.swift in Sources */ = {isa = PBXBuildFile; fileRef = 56F0F7DA2E564C0400B538AF /* MoistureAnomalyService.swift */; };
		56F0F7DD2E564C2800B538AF /* MoistureAnomalyServiceTests.swift in Sources */ = {isa = PBXBuildFile; fileRef = 56F0F7DC2E564C2800B538AF /* MoistureAnomalyServiceTests.swift */; };
		56FD6C862E34194C00905984 /* SensorDataManager.swift in Sources */ = {isa = PBXBuildFile; fileRef = 56FD6C852E34194C00905984 /* SensorDataManager.swift */; };
		56FD6C892E34BF9300905984 /* ReliableFlowerManager.swift in Sources */ = {isa = PBXBuildFile; fileRef = 56FD6C882E34BF9300905984 /* ReliableFlowerManager.swift */; };
		56FD6C8D2E36960300905984 /* FlowerManagerHistoryTests.swift in Sources */ = {isa = PBXBuildFile; fileRef = 56FD6C8A2E36960300905984 /* FlowerManagerHistoryTests.swift */; };
/* End PBXBuildFile section */

/* Begin PBXContainerItemProxy section */
		56AF11292BDED05B00887073 /* PBXContainerItemProxy */ = {
			isa = PBXContainerItemProxy;
			containerPortal = 56AF110D2BDED05900887073 /* Project object */;
			proxyType = 1;
			remoteGlobalIDString = 56AF11142BDED05900887073;
			remoteInfo = GrowGuard;
		};
		56AF11332BDED05B00887073 /* PBXContainerItemProxy */ = {
			isa = PBXContainerItemProxy;
			containerPortal = 56AF110D2BDED05900887073 /* Project object */;
			proxyType = 1;
			remoteGlobalIDString = 56AF11142BDED05900887073;
			remoteInfo = GrowGuard;
		};
/* End PBXContainerItemProxy section */

/* Begin PBXFileReference section */
		3F13B333BDA24182B72236B7 /* HistoryListView.swift */ = {isa = PBXFileReference; lastKnownFileType = sourcecode.swift; path = HistoryListView.swift; sourceTree = "<group>"; };
		560FAA5A2E6B43E900BFFC6D /* Localizable.strings */ = {isa = PBXFileReference; lastKnownFileType = text.plist.strings; path = Localizable.strings; sourceTree = "<group>"; };
		560FAA5C2E6B440500BFFC6D /* Strings+Generated.swift */ = {isa = PBXFileReference; lastKnownFileType = sourcecode.swift; path = "Strings+Generated.swift"; sourceTree = "<group>"; };
		5622B0C52E3176F5002C7E74 /* FlowerDeviceDTO.swift */ = {isa = PBXFileReference; lastKnownFileType = sourcecode.swift; path = FlowerDeviceDTO.swift; sourceTree = "<group>"; };
		5622B0C62E3176F5002C7E74 /* OptimalRangeDTO.swift */ = {isa = PBXFileReference; lastKnownFileType = sourcecode.swift; path = OptimalRangeDTO.swift; sourceTree = "<group>"; };
		5622B0C72E3176F5002C7E74 /* PotSizeDTO.swift */ = {isa = PBXFileReference; lastKnownFileType = sourcecode.swift; path = PotSizeDTO.swift; sourceTree = "<group>"; };
		5622B0C82E3176F5002C7E74 /* SensorDataDTO.swift */ = {isa = PBXFileReference; lastKnownFileType = sourcecode.swift; path = SensorDataDTO.swift; sourceTree = "<group>"; };
		5622B0CE2E317710002C7E74 /* CoreDataFlowerDeviceRepository.swift */ = {isa = PBXFileReference; lastKnownFileType = sourcecode.swift; path = CoreDataFlowerDeviceRepository.swift; sourceTree = "<group>"; };
		5622B0CF2E317710002C7E74 /* CoreDataOptimalRangeRepository.swift */ = {isa = PBXFileReference; lastKnownFileType = sourcecode.swift; path = CoreDataOptimalRangeRepository.swift; sourceTree = "<group>"; };
		5622B0D02E317710002C7E74 /* CoreDataPotSizeRepository.swift */ = {isa = PBXFileReference; lastKnownFileType = sourcecode.swift; path = CoreDataPotSizeRepository.swift; sourceTree = "<group>"; };
		5622B0D12E317710002C7E74 /* CoreDataSensorDataRepository.swift */ = {isa = PBXFileReference; lastKnownFileType = sourcecode.swift; path = CoreDataSensorDataRepository.swift; sourceTree = "<group>"; };
		5622B0D32E317710002C7E74 /* FlowerDeviceRepository.swift */ = {isa = PBXFileReference; lastKnownFileType = sourcecode.swift; path = FlowerDeviceRepository.swift; sourceTree = "<group>"; };
		5622B0D42E317710002C7E74 /* OptimalRangeRepository.swift */ = {isa = PBXFileReference; lastKnownFileType = sourcecode.swift; path = OptimalRangeRepository.swift; sourceTree = "<group>"; };
		5622B0D52E317710002C7E74 /* PotSizeRepository.swift */ = {isa = PBXFileReference; lastKnownFileType = sourcecode.swift; path = PotSizeRepository.swift; sourceTree = "<group>"; };
		5622B0D62E317710002C7E74 /* RepositoryError.swift */ = {isa = PBXFileReference; lastKnownFileType = sourcecode.swift; path = RepositoryError.swift; sourceTree = "<group>"; };
		5622B0D72E317710002C7E74 /* SensorDataRepository.swift */ = {isa = PBXFileReference; lastKnownFileType = sourcecode.swift; path = SensorDataRepository.swift; sourceTree = "<group>"; };
		5622B0E22E317717002C7E74 /* RepositoryManager.swift */ = {isa = PBXFileReference; lastKnownFileType = sourcecode.swift; path = RepositoryManager.swift; sourceTree = "<group>"; };
		5622B0E42E317737002C7E74 /* FlowerDevice+DTO.swift */ = {isa = PBXFileReference; lastKnownFileType = sourcecode.swift; path = "FlowerDevice+DTO.swift"; sourceTree = "<group>"; };
		5622B0E52E317737002C7E74 /* OptimalRange+DTO.swift */ = {isa = PBXFileReference; lastKnownFileType = sourcecode.swift; path = "OptimalRange+DTO.swift"; sourceTree = "<group>"; };
		5622B0E62E317737002C7E74 /* PotSize+DTO.swift */ = {isa = PBXFileReference; lastKnownFileType = sourcecode.swift; path = "PotSize+DTO.swift"; sourceTree = "<group>"; };
		5622B0E72E317737002C7E74 /* SensorData+DTO.swift */ = {isa = PBXFileReference; lastKnownFileType = sourcecode.swift; path = "SensorData+DTO.swift"; sourceTree = "<group>"; };
		5622B0ED2E327ADD002C7E74 /* SensorDataDTO+CoreData.swift */ = {isa = PBXFileReference; lastKnownFileType = sourcecode.swift; path = "SensorDataDTO+CoreData.swift"; sourceTree = "<group>"; };
		56241CDD2DFD1E6A0012B18E /* CircularProgress.swift */ = {isa = PBXFileReference; lastKnownFileType = sourcecode.swift; path = CircularProgress.swift; sourceTree = "<group>"; };
		56241CE02E0359180012B18E /* FlowerPot.swift */ = {isa = PBXFileReference; lastKnownFileType = sourcecode.swift; path = FlowerPot.swift; sourceTree = "<group>"; };
		562628FF2C42E32200B5DB2A /* AppIntent.swift */ = {isa = PBXFileReference; lastKnownFileType = sourcecode.swift; path = AppIntent.swift; sourceTree = "<group>"; };
		565058C62E3A98A200CC6E2B /* FlowerSelectionView.swift */ = {isa = PBXFileReference; lastKnownFileType = sourcecode.swift; path = FlowerSelectionView.swift; sourceTree = "<group>"; };
		565058C82E3F64F900CC6E2B /* LogExportView.swift */ = {isa = PBXFileReference; lastKnownFileType = sourcecode.swift; path = LogExportView.swift; sourceTree = "<group>"; };
		565058C92E3F64F900CC6E2B /* Logger.swift */ = {isa = PBXFileReference; lastKnownFileType = sourcecode.swift; path = Logger.swift; sourceTree = "<group>"; };
		5654B2AB2CB44DA000EED3D3 /* Extensions.swift */ = {isa = PBXFileReference; lastKnownFileType = sourcecode.swift; path = Extensions.swift; sourceTree = "<group>"; };
		5654B2B82CB4575C00EED3D3 /* SettingsView.swift */ = {isa = PBXFileReference; lastKnownFileType = sourcecode.swift; path = SettingsView.swift; sourceTree = "<group>"; };
		5699C0F02E126A5C00FA9A11 /* AppSettingsView.swift */ = {isa = PBXFileReference; lastKnownFileType = sourcecode.swift; path = AppSettingsView.swift; sourceTree = "<group>"; };
		5699C0F12E126A5C00FA9A11 /* NotificationPreferenceStore.swift */ = {isa = PBXFileReference; lastKnownFileType = sourcecode.swift; path = NotificationPreferenceStore.swift; sourceTree = "<group>"; };
		5654B2BA2CB45C6600EED3D3 /* SensorDataDecoderTests.swift */ = {isa = PBXFileReference; lastKnownFileType = sourcecode.swift; path = SensorDataDecoderTests.swift; sourceTree = "<group>"; };
		5654B2BC2CB46EDB00EED3D3 /* OverviewListViewModelTests.swift */ = {isa = PBXFileReference; lastKnownFileType = sourcecode.swift; path = OverviewListViewModelTests.swift; sourceTree = "<group>"; };
		5654B2C02CB4739400EED3D3 /* AddDeviceViewModelTests.swift */ = {isa = PBXFileReference; lastKnownFileType = sourcecode.swift; path = AddDeviceViewModelTests.swift; sourceTree = "<group>"; };
		565DEC3F2C159B93002D784A /* DeviceDetailsView.swift */ = {isa = PBXFileReference; lastKnownFileType = sourcecode.swift; path = DeviceDetailsView.swift; sourceTree = "<group>"; };
		565DEC412C159BA3002D784A /* DeviceDetailsViewModel.swift */ = {isa = PBXFileReference; lastKnownFileType = sourcecode.swift; path = DeviceDetailsViewModel.swift; sourceTree = "<group>"; };
		5667BD892C28924600D04382 /* SensorData.swift */ = {isa = PBXFileReference; lastKnownFileType = sourcecode.swift; path = SensorData.swift; sourceTree = "<group>"; };
		567465842E36A6A50084A296 /* GrowGuard.xctestplan */ = {isa = PBXFileReference; lastKnownFileType = text; path = GrowGuard.xctestplan; sourceTree = "<group>"; };
		5684E2DA2C0F81C0005CD8B6 /* AddDeviceView.swift */ = {isa = PBXFileReference; lastKnownFileType = sourcecode.swift; path = AddDeviceView.swift; sourceTree = "<group>"; };
		5684E2DC2C0F81E7005CD8B6 /* AddDeviceViewModel.swift */ = {isa = PBXFileReference; lastKnownFileType = sourcecode.swift; path = AddDeviceViewModel.swift; sourceTree = "<group>"; };
		5684E2DE2C0F820D005CD8B6 /* AddDeviceBLE.swift */ = {isa = PBXFileReference; lastKnownFileType = sourcecode.swift; path = AddDeviceBLE.swift; sourceTree = "<group>"; };
		5684E2E12C0FA2EE005CD8B6 /* OverviewList.swift */ = {isa = PBXFileReference; lastKnownFileType = sourcecode.swift; path = OverviewList.swift; sourceTree = "<group>"; };
		5684E2E32C0FA2FA005CD8B6 /* OverviewListViewModel.swift */ = {isa = PBXFileReference; lastKnownFileType = sourcecode.swift; path = OverviewListViewModel.swift; sourceTree = "<group>"; };
		568892072C832936000E8FAE /* SensorDataChart.swift */ = {isa = PBXFileReference; lastKnownFileType = sourcecode.swift; path = SensorDataChart.swift; sourceTree = "<group>"; };
		5688920A2C84B4B9000E8FAE /* AppDelegate.swift */ = {isa = PBXFileReference; lastKnownFileType = sourcecode.swift; path = AppDelegate.swift; sourceTree = "<group>"; };
		569417552E0DD9C000AE7586 /* CoreDataModels.xcdatamodel */ = {isa = PBXFileReference; lastKnownFileType = wrapper.xcdatamodel; path = CoreDataModels.xcdatamodel; sourceTree = "<group>"; };
		569B70EC2C10F221005B7BC9 /* DataService.swift */ = {isa = PBXFileReference; lastKnownFileType = sourcecode.swift; path = DataService.swift; sourceTree = "<group>"; };
		56A8C6E92D8ECF31004021C0 /* AddDeviceDetails.swift */ = {isa = PBXFileReference; lastKnownFileType = sourcecode.swift; path = AddDeviceDetails.swift; sourceTree = "<group>"; };
		56A8C6EC2D8EF1E5004021C0 /* Alert.swift */ = {isa = PBXFileReference; lastKnownFileType = sourcecode.swift; path = Alert.swift; sourceTree = "<group>"; };
		56A8C6EE2D8F38C9004021C0 /* Button.swift */ = {isa = PBXFileReference; lastKnownFileType = sourcecode.swift; path = Button.swift; sourceTree = "<group>"; };
		56A8C6F02D900954004021C0 /* HistoryLoadingView.swift */ = {isa = PBXFileReference; lastKnownFileType = sourcecode.swift; path = HistoryLoadingView.swift; sourceTree = "<group>"; };
		56A948F62DE3A4710010575F /* FlowerSearch.swift */ = {isa = PBXFileReference; lastKnownFileType = sourcecode.swift; path = FlowerSearch.swift; sourceTree = "<group>"; };
		56A948F82DE3A5310010575F /* SpeciesModel.swift */ = {isa = PBXFileReference; lastKnownFileType = sourcecode.swift; path = SpeciesModel.swift; sourceTree = "<group>"; };
		56AF11152BDED05900887073 /* GrowGuard.app */ = {isa = PBXFileReference; explicitFileType = wrapper.application; includeInIndex = 0; path = GrowGuard.app; sourceTree = BUILT_PRODUCTS_DIR; };
		56AF11182BDED05900887073 /* GrowGuardApp.swift */ = {isa = PBXFileReference; lastKnownFileType = sourcecode.swift; path = GrowGuardApp.swift; sourceTree = "<group>"; };
		56AF111A2BDED05900887073 /* ContentView.swift */ = {isa = PBXFileReference; lastKnownFileType = sourcecode.swift; path = ContentView.swift; sourceTree = "<group>"; };
		56AF111E2BDED05B00887073 /* Assets.xcassets */ = {isa = PBXFileReference; lastKnownFileType = folder.assetcatalog; path = Assets.xcassets; sourceTree = "<group>"; };
		56AF11202BDED05B00887073 /* GrowGuard.entitlements */ = {isa = PBXFileReference; lastKnownFileType = text.plist.entitlements; path = GrowGuard.entitlements; sourceTree = "<group>"; };
		56AF11222BDED05B00887073 /* Preview Assets.xcassets */ = {isa = PBXFileReference; lastKnownFileType = folder.assetcatalog; path = "Preview Assets.xcassets"; sourceTree = "<group>"; };
		56AF11282BDED05B00887073 /* GrowGuardTests.xctest */ = {isa = PBXFileReference; explicitFileType = wrapper.cfbundle; includeInIndex = 0; path = GrowGuardTests.xctest; sourceTree = BUILT_PRODUCTS_DIR; };
		56AF112C2BDED05B00887073 /* GrowGuardTests.swift */ = {isa = PBXFileReference; lastKnownFileType = sourcecode.swift; path = GrowGuardTests.swift; sourceTree = "<group>"; };
		56AF11322BDED05B00887073 /* GrowGuardUITests.xctest */ = {isa = PBXFileReference; explicitFileType = wrapper.cfbundle; includeInIndex = 0; path = GrowGuardUITests.xctest; sourceTree = BUILT_PRODUCTS_DIR; };
		56AF11362BDED05B00887073 /* GrowGuardUITests.swift */ = {isa = PBXFileReference; lastKnownFileType = sourcecode.swift; path = GrowGuardUITests.swift; sourceTree = "<group>"; };
		56AF11382BDED05B00887073 /* GrowGuardUITestsLaunchTests.swift */ = {isa = PBXFileReference; lastKnownFileType = sourcecode.swift; path = GrowGuardUITestsLaunchTests.swift; sourceTree = "<group>"; };
		56AF11452BE2492300887073 /* Info.plist */ = {isa = PBXFileReference; lastKnownFileType = text.plist; path = Info.plist; sourceTree = "<group>"; };
		56B3B7382EA5181700AE41E9 /* WeeklySensorUpdateService.swift */ = {isa = PBXFileReference; lastKnownFileType = sourcecode.swift; path = WeeklySensorUpdateService.swift; sourceTree = "<group>"; };
		56B44CBE2D6E7B3F00A6A75A /* FlowerManager.swift */ = {isa = PBXFileReference; lastKnownFileType = sourcecode.swift; path = FlowerManager.swift; sourceTree = "<group>"; };
		56B44CBF2D6E7B3F00A6A75A /* HistoricalSensorData.swift */ = {isa = PBXFileReference; lastKnownFileType = sourcecode.swift; path = HistoricalSensorData.swift; sourceTree = "<group>"; };
		56B44CC02D6E7B3F00A6A75A /* SensorDataDecoder.swift */ = {isa = PBXFileReference; lastKnownFileType = sourcecode.swift; path = SensorDataDecoder.swift; sourceTree = "<group>"; };
		56B44CC12D6E7B3F00A6A75A /* UUIDs.swift */ = {isa = PBXFileReference; lastKnownFileType = sourcecode.swift; path = UUIDs.swift; sourceTree = "<group>"; };
		56B44CC92D724D7200A6A75A /* OnbordingView.swift */ = {isa = PBXFileReference; lastKnownFileType = sourcecode.swift; path = OnbordingView.swift; sourceTree = "<group>"; };
		56B44CCB2D725C2700A6A75A /* PlantMonitorService.swift */ = {isa = PBXFileReference; lastKnownFileType = sourcecode.swift; path = PlantMonitorService.swift; sourceTree = "<group>"; };
		56B44CCD2D78E8EB00A6A75A /* print.swift */ = {isa = PBXFileReference; lastKnownFileType = sourcecode.swift; path = print.swift; sourceTree = "<group>"; };
		56BF5F9A2DFA5D6C00D9B2AE /* AddWithoutSensor.swift */ = {isa = PBXFileReference; lastKnownFileType = sourcecode.swift; path = AddWithoutSensor.swift; sourceTree = "<group>"; };
		56BF5F9C2DFA5E8900D9B2AE /* AddWithoutSensorViewModel.swift */ = {isa = PBXFileReference; lastKnownFileType = sourcecode.swift; path = AddWithoutSensorViewModel.swift; sourceTree = "<group>"; };
		56D35EB62E2BE56C0059FEE6 /* PotView.swift */ = {isa = PBXFileReference; lastKnownFileType = sourcecode.swift; path = PotView.swift; sourceTree = "<group>"; };
		56DC56492DD9251C00041DBA /* flower.db */ = {isa = PBXFileReference; lastKnownFileType = file; path = flower.db; sourceTree = "<group>"; };
		56F0F7DA2E564C0400B538AF /* MoistureAnomalyService.swift */ = {isa = PBXFileReference; lastKnownFileType = sourcecode.swift; path = MoistureAnomalyService.swift; sourceTree = "<group>"; };
		56F0F7DC2E564C2800B538AF /* MoistureAnomalyServiceTests.swift */ = {isa = PBXFileReference; lastKnownFileType = sourcecode.swift; path = MoistureAnomalyServiceTests.swift; sourceTree = "<group>"; };
		56FD6C852E34194C00905984 /* SensorDataManager.swift */ = {isa = PBXFileReference; lastKnownFileType = sourcecode.swift; path = SensorDataManager.swift; sourceTree = "<group>"; };
		56FD6C882E34BF9300905984 /* ReliableFlowerManager.swift */ = {isa = PBXFileReference; lastKnownFileType = sourcecode.swift; path = ReliableFlowerManager.swift; sourceTree = "<group>"; };
		56FD6C8A2E36960300905984 /* FlowerManagerHistoryTests.swift */ = {isa = PBXFileReference; lastKnownFileType = sourcecode.swift; path = FlowerManagerHistoryTests.swift; sourceTree = "<group>"; };
/* End PBXFileReference section */

/* Begin PBXFrameworksBuildPhase section */
		56AF11122BDED05900887073 /* Frameworks */ = {
			isa = PBXFrameworksBuildPhase;
			buildActionMask = 2147483647;
			files = (
				56DC564D2DD9256800041DBA /* GRDB in Frameworks */,
			);
			runOnlyForDeploymentPostprocessing = 0;
		};
		56AF11252BDED05B00887073 /* Frameworks */ = {
			isa = PBXFrameworksBuildPhase;
			buildActionMask = 2147483647;
			files = (
			);
			runOnlyForDeploymentPostprocessing = 0;
		};
		56AF112F2BDED05B00887073 /* Frameworks */ = {
			isa = PBXFrameworksBuildPhase;
			buildActionMask = 2147483647;
			files = (
			);
			runOnlyForDeploymentPostprocessing = 0;
		};
/* End PBXFrameworksBuildPhase section */

/* Begin PBXGroup section */
		560FAA592E6B43D800BFFC6D /* Strings */ = {
			isa = PBXGroup;
			children = (
				560FAA5C2E6B440500BFFC6D /* Strings+Generated.swift */,
				560FAA5A2E6B43E900BFFC6D /* Localizable.strings */,
			);
			path = Strings;
			sourceTree = "<group>";
		};
		5622B0C92E3176F5002C7E74 /* DTOs */ = {
			isa = PBXGroup;
			children = (
				5622B0C52E3176F5002C7E74 /* FlowerDeviceDTO.swift */,
				5622B0C62E3176F5002C7E74 /* OptimalRangeDTO.swift */,
				5622B0C72E3176F5002C7E74 /* PotSizeDTO.swift */,
				5622B0C82E3176F5002C7E74 /* SensorDataDTO.swift */,
			);
			path = DTOs;
			sourceTree = "<group>";
		};
		5622B0D22E317710002C7E74 /* CoreData */ = {
			isa = PBXGroup;
			children = (
				5622B0CE2E317710002C7E74 /* CoreDataFlowerDeviceRepository.swift */,
				5622B0CF2E317710002C7E74 /* CoreDataOptimalRangeRepository.swift */,
				5622B0D02E317710002C7E74 /* CoreDataPotSizeRepository.swift */,
				5622B0D12E317710002C7E74 /* CoreDataSensorDataRepository.swift */,
			);
			path = CoreData;
			sourceTree = "<group>";
		};
		5622B0D82E317710002C7E74 /* Repositories */ = {
			isa = PBXGroup;
			children = (
				5622B0D22E317710002C7E74 /* CoreData */,
				5622B0D32E317710002C7E74 /* FlowerDeviceRepository.swift */,
				5622B0D42E317710002C7E74 /* OptimalRangeRepository.swift */,
				5622B0D52E317710002C7E74 /* PotSizeRepository.swift */,
				5622B0D62E317710002C7E74 /* RepositoryError.swift */,
				5622B0D72E317710002C7E74 /* SensorDataRepository.swift */,
			);
			path = Repositories;
			sourceTree = "<group>";
		};
		5622B0E82E317737002C7E74 /* Extensions */ = {
			isa = PBXGroup;
			children = (
				5622B0ED2E327ADD002C7E74 /* SensorDataDTO+CoreData.swift */,
				5622B0E42E317737002C7E74 /* FlowerDevice+DTO.swift */,
				5622B0E52E317737002C7E74 /* OptimalRange+DTO.swift */,
				5622B0E62E317737002C7E74 /* PotSize+DTO.swift */,
				5622B0E72E317737002C7E74 /* SensorData+DTO.swift */,
			);
			path = Extensions;
			sourceTree = "<group>";
		};
		56241CDF2E03590C0012B18E /* Manuell Water */ = {
			isa = PBXGroup;
			children = (
				56241CE02E0359180012B18E /* FlowerPot.swift */,
			);
			path = "Manuell Water";
			sourceTree = "<group>";
		};
		565058CA2E3F64F900CC6E2B /* Utils */ = {
			isa = PBXGroup;
			children = (
				565058C82E3F64F900CC6E2B /* LogExportView.swift */,
				565058C92E3F64F900CC6E2B /* Logger.swift */,
				56F0F7DA2E564C0400B538AF /* MoistureAnomalyService.swift */,
			);
			path = Utils;
			sourceTree = "<group>";
		};
		5699C0EF2E126A5C00FA9A11 /* AppSettings */ = {
			isa = PBXGroup;
			children = (
				5699C0F02E126A5C00FA9A11 /* AppSettingsView.swift */,
				5699C0F12E126A5C00FA9A11 /* NotificationPreferenceStore.swift */,
			);
			path = AppSettings;
			sourceTree = "<group>";
		};
		5654B2B72CB4575700EED3D3 /* Settings */ = {
			isa = PBXGroup;
			children = (
				565058C62E3A98A200CC6E2B /* FlowerSelectionView.swift */,
				5654B2B82CB4575C00EED3D3 /* SettingsView.swift */,
			);
			path = Settings;
			sourceTree = "<group>";
		};
		5654B2BE2CB46EEA00EED3D3 /* ViewModel */ = {
			isa = PBXGroup;
			children = (
				5654B2C02CB4739400EED3D3 /* AddDeviceViewModelTests.swift */,
				5654B2BC2CB46EDB00EED3D3 /* OverviewListViewModelTests.swift */,
			);
			path = ViewModel;
			sourceTree = "<group>";
		};
		5654B2BF2CB46EF200EED3D3 /* BLE */ = {
			isa = PBXGroup;
			children = (
				56FD6C8A2E36960300905984 /* FlowerManagerHistoryTests.swift */,
				5654B2BA2CB45C6600EED3D3 /* SensorDataDecoderTests.swift */,
			);
			path = BLE;
			sourceTree = "<group>";
		};
		565DEC3E2C159868002D784A /* DeviceDetails */ = {
			isa = PBXGroup;
			children = (
				56241CDF2E03590C0012B18E /* Manuell Water */,
				56A8C6F02D900954004021C0 /* HistoryLoadingView.swift */,
				3F13B333BDA24182B72236B7 /* HistoryListView.swift */,
				5654B2B72CB4575700EED3D3 /* Settings */,
				568892062C83292D000E8FAE /* Componetns */,
				565DEC3F2C159B93002D784A /* DeviceDetailsView.swift */,
				565DEC412C159BA3002D784A /* DeviceDetailsViewModel.swift */,
			);
			path = DeviceDetails;
			sourceTree = "<group>";
		};
		5684E2D92C0C9054005CD8B6 /* AddDevice */ = {
			isa = PBXGroup;
			children = (
				56BF5F992DFA5D6100D9B2AE /* WithoutSensor */,
				56A8C6E82D8ECF2C004021C0 /* Details */,
				5684E2DA2C0F81C0005CD8B6 /* AddDeviceView.swift */,
				5684E2DC2C0F81E7005CD8B6 /* AddDeviceViewModel.swift */,
				5684E2DE2C0F820D005CD8B6 /* AddDeviceBLE.swift */,
			);
			path = AddDevice;
			sourceTree = "<group>";
		};
		5684E2E02C0FA143005CD8B6 /* OverviewList */ = {
			isa = PBXGroup;
			children = (
				5684E2E12C0FA2EE005CD8B6 /* OverviewList.swift */,
				5684E2E32C0FA2FA005CD8B6 /* OverviewListViewModel.swift */,
			);
			path = OverviewList;
			sourceTree = "<group>";
		};
		5684E2E52C0FA303005CD8B6 /* Database */ = {
			isa = PBXGroup;
			children = (
				5622B0E82E317737002C7E74 /* Extensions */,
				5622B0E22E317717002C7E74 /* RepositoryManager.swift */,
				5622B0D82E317710002C7E74 /* Repositories */,
				5622B0C92E3176F5002C7E74 /* DTOs */,
				56A948F52DE3A46A0010575F /* SQLlite */,
				56A948F42DE3A4640010575F /* SwiftData */,
				56A948F32DE3A45C0010575F /* Models */,
				569417542E0DD9C000AE7586 /* CoreDataModels.xcdatamodeld */,
			);
			path = Database;
			sourceTree = "<group>";
		};
		568892062C83292D000E8FAE /* Componetns */ = {
			isa = PBXGroup;
			children = (
				56D35EB62E2BE56C0059FEE6 /* PotView.swift */,
				568892072C832936000E8FAE /* SensorDataChart.swift */,
			);
			path = Componetns;
			sourceTree = "<group>";
		};
		56A8C6E82D8ECF2C004021C0 /* Details */ = {
			isa = PBXGroup;
			children = (
				56A8C6E92D8ECF31004021C0 /* AddDeviceDetails.swift */,
			);
			path = Details;
			sourceTree = "<group>";
		};
		56A8C6EB2D8EF1DD004021C0 /* Extensions */ = {
			isa = PBXGroup;
			children = (
				56A8C6EE2D8F38C9004021C0 /* Button.swift */,
				56A8C6EC2D8EF1E5004021C0 /* Alert.swift */,
				5654B2AB2CB44DA000EED3D3 /* Extensions.swift */,
			);
			path = Extensions;
			sourceTree = "<group>";
		};
		56A948F32DE3A45C0010575F /* Models */ = {
			isa = PBXGroup;
			children = (
				56A948F82DE3A5310010575F /* SpeciesModel.swift */,
				5667BD892C28924600D04382 /* SensorData.swift */,
			);
			path = Models;
			sourceTree = "<group>";
		};
		56A948F42DE3A4640010575F /* SwiftData */ = {
			isa = PBXGroup;
			children = (
				569B70EC2C10F221005B7BC9 /* DataService.swift */,
			);
			path = SwiftData;
			sourceTree = "<group>";
		};
		56A948F52DE3A46A0010575F /* SQLlite */ = {
			isa = PBXGroup;
			children = (
				56A948F62DE3A4710010575F /* FlowerSearch.swift */,
			);
			path = SQLlite;
			sourceTree = "<group>";
		};
		56AF110C2BDED05900887073 = {
			isa = PBXGroup;
			children = (
				567465842E36A6A50084A296 /* GrowGuard.xctestplan */,
				56AF11172BDED05900887073 /* GrowGuard */,
				56AF112B2BDED05B00887073 /* GrowGuardTests */,
				56AF11352BDED05B00887073 /* GrowGuardUITests */,
				56AF11162BDED05900887073 /* Products */,
			);
			sourceTree = "<group>";
		};
		56AF11162BDED05900887073 /* Products */ = {
			isa = PBXGroup;
			children = (
				56AF11152BDED05900887073 /* GrowGuard.app */,
				56AF11282BDED05B00887073 /* GrowGuardTests.xctest */,
				56AF11322BDED05B00887073 /* GrowGuardUITests.xctest */,
			);
			name = Products;
			sourceTree = "<group>";
		};
		56AF11172BDED05900887073 /* GrowGuard */ = {
			isa = PBXGroup;
			children = (
				560FAA592E6B43D800BFFC6D /* Strings */,
				56241CDD2DFD1E6A0012B18E /* CircularProgress.swift */,
				56DC56492DD9251C00041DBA /* flower.db */,
				56A8C6EB2D8EF1DD004021C0 /* Extensions */,
				56B44CCD2D78E8EB00A6A75A /* print.swift */,
				56B44CC92D724D7200A6A75A /* OnbordingView.swift */,
				56B44CC22D6E7B3F00A6A75A /* BLE */,
				5688920A2C84B4B9000E8FAE /* AppDelegate.swift */,
				56B3B7382EA5181700AE41E9 /* WeeklySensorUpdateService.swift */,
				562628FF2C42E32200B5DB2A /* AppIntent.swift */,
				565058CA2E3F64F900CC6E2B /* Utils */,
				5699C0EF2E126A5C00FA9A11 /* AppSettings */,
				565DEC3E2C159868002D784A /* DeviceDetails */,
				5684E2E52C0FA303005CD8B6 /* Database */,
				5684E2E02C0FA143005CD8B6 /* OverviewList */,
				5684E2D92C0C9054005CD8B6 /* AddDevice */,
				56AF11452BE2492300887073 /* Info.plist */,
				56AF11182BDED05900887073 /* GrowGuardApp.swift */,
				56AF111A2BDED05900887073 /* ContentView.swift */,
				56FD6C852E34194C00905984 /* SensorDataManager.swift */,
				56B44CCB2D725C2700A6A75A /* PlantMonitorService.swift */,
				56AF111E2BDED05B00887073 /* Assets.xcassets */,
				56AF11202BDED05B00887073 /* GrowGuard.entitlements */,
				56AF11212BDED05B00887073 /* Preview Content */,
			);
			path = GrowGuard;
			sourceTree = "<group>";
		};
		56AF11212BDED05B00887073 /* Preview Content */ = {
			isa = PBXGroup;
			children = (
				56AF11222BDED05B00887073 /* Preview Assets.xcassets */,
			);
			path = "Preview Content";
			sourceTree = "<group>";
		};
		56AF112B2BDED05B00887073 /* GrowGuardTests */ = {
			isa = PBXGroup;
			children = (
				56F0F7DC2E564C2800B538AF /* MoistureAnomalyServiceTests.swift */,
				5654B2BF2CB46EF200EED3D3 /* BLE */,
				5654B2BE2CB46EEA00EED3D3 /* ViewModel */,
				56AF112C2BDED05B00887073 /* GrowGuardTests.swift */,
			);
			path = GrowGuardTests;
			sourceTree = "<group>";
		};
		56AF11352BDED05B00887073 /* GrowGuardUITests */ = {
			isa = PBXGroup;
			children = (
				56AF11362BDED05B00887073 /* GrowGuardUITests.swift */,
				56AF11382BDED05B00887073 /* GrowGuardUITestsLaunchTests.swift */,
			);
			path = GrowGuardUITests;
			sourceTree = "<group>";
		};
		56B44CC22D6E7B3F00A6A75A /* BLE */ = {
			isa = PBXGroup;
			children = (
				56B44CBE2D6E7B3F00A6A75A /* FlowerManager.swift */,
				56FD6C882E34BF9300905984 /* ReliableFlowerManager.swift */,
				56B44CBF2D6E7B3F00A6A75A /* HistoricalSensorData.swift */,
				56B44CC02D6E7B3F00A6A75A /* SensorDataDecoder.swift */,
				56B44CC12D6E7B3F00A6A75A /* UUIDs.swift */,
			);
			path = BLE;
			sourceTree = "<group>";
		};
		56BF5F992DFA5D6100D9B2AE /* WithoutSensor */ = {
			isa = PBXGroup;
			children = (
				56BF5F9C2DFA5E8900D9B2AE /* AddWithoutSensorViewModel.swift */,
				56BF5F9A2DFA5D6C00D9B2AE /* AddWithoutSensor.swift */,
			);
			path = WithoutSensor;
			sourceTree = "<group>";
		};
/* End PBXGroup section */

/* Begin PBXNativeTarget section */
		56AF11142BDED05900887073 /* GrowGuard */ = {
			isa = PBXNativeTarget;
			buildConfigurationList = 56AF113C2BDED05B00887073 /* Build configuration list for PBXNativeTarget "GrowGuard" */;
			buildPhases = (
				56AF11112BDED05900887073 /* Sources */,
				56AF11122BDED05900887073 /* Frameworks */,
				56AF11132BDED05900887073 /* Resources */,
				5674A8F02E36A7B80084A296 /* Update Build Number */,
			);
			buildRules = (
			);
			dependencies = (
			);
			name = GrowGuard;
			productName = GrowGuard;
			productReference = 56AF11152BDED05900887073 /* GrowGuard.app */;
			productType = "com.apple.product-type.application";
		};
		56AF11272BDED05B00887073 /* GrowGuardTests */ = {
			isa = PBXNativeTarget;
			buildConfigurationList = 56AF113F2BDED05B00887073 /* Build configuration list for PBXNativeTarget "GrowGuardTests" */;
			buildPhases = (
				56AF11242BDED05B00887073 /* Sources */,
				56AF11252BDED05B00887073 /* Frameworks */,
				56AF11262BDED05B00887073 /* Resources */,
			);
			buildRules = (
			);
			dependencies = (
				56AF112A2BDED05B00887073 /* PBXTargetDependency */,
			);
			name = GrowGuardTests;
			productName = GrowGuardTests;
			productReference = 56AF11282BDED05B00887073 /* GrowGuardTests.xctest */;
			productType = "com.apple.product-type.bundle.unit-test";
		};
		56AF11312BDED05B00887073 /* GrowGuardUITests */ = {
			isa = PBXNativeTarget;
			buildConfigurationList = 56AF11422BDED05B00887073 /* Build configuration list for PBXNativeTarget "GrowGuardUITests" */;
			buildPhases = (
				56AF112E2BDED05B00887073 /* Sources */,
				56AF112F2BDED05B00887073 /* Frameworks */,
				56AF11302BDED05B00887073 /* Resources */,
			);
			buildRules = (
			);
			dependencies = (
				56AF11342BDED05B00887073 /* PBXTargetDependency */,
			);
			name = GrowGuardUITests;
			productName = GrowGuardUITests;
			productReference = 56AF11322BDED05B00887073 /* GrowGuardUITests.xctest */;
			productType = "com.apple.product-type.bundle.ui-testing";
		};
/* End PBXNativeTarget section */

/* Begin PBXProject section */
		56AF110D2BDED05900887073 /* Project object */ = {
			isa = PBXProject;
			attributes = {
				BuildIndependentTargetsInParallel = 1;
				LastSwiftUpdateCheck = 1530;
				LastUpgradeCheck = 1530;
				TargetAttributes = {
					56AF11142BDED05900887073 = {
						CreatedOnToolsVersion = 15.3;
					};
					56AF11272BDED05B00887073 = {
						CreatedOnToolsVersion = 15.3;
						TestTargetID = 56AF11142BDED05900887073;
					};
					56AF11312BDED05B00887073 = {
						CreatedOnToolsVersion = 15.3;
						TestTargetID = 56AF11142BDED05900887073;
					};
				};
			};
			buildConfigurationList = 56AF11102BDED05900887073 /* Build configuration list for PBXProject "GrowGuard" */;
			compatibilityVersion = "Xcode 14.0";
			developmentRegion = en;
			hasScannedForEncodings = 0;
			knownRegions = (
				en,
				Base,
			);
			mainGroup = 56AF110C2BDED05900887073;
			packageReferences = (
				56DC564B2DD9256800041DBA /* XCRemoteSwiftPackageReference "GRDB.swift" */,
			);
			productRefGroup = 56AF11162BDED05900887073 /* Products */;
			projectDirPath = "";
			projectRoot = "";
			targets = (
				56AF11142BDED05900887073 /* GrowGuard */,
				56AF11272BDED05B00887073 /* GrowGuardTests */,
				56AF11312BDED05B00887073 /* GrowGuardUITests */,
			);
		};
/* End PBXProject section */

/* Begin PBXShellScriptBuildPhase section */
		5674A8F02E36A7B80084A296 /* Update Build Number */ = {
			isa = PBXShellScriptBuildPhase;
			buildActionMask = 2147483647;
			files = (
			);
			inputFileListPaths = (
			);
			inputPaths = (
				"${PROJECT_DIR}/Scripts/update_build_number.sh",
			);
			name = "Update Build Number";
			outputFileListPaths = (
			);
			outputPaths = (
			);
			runOnlyForDeploymentPostprocessing = 0;
			shellPath = /bin/sh;
			shellScript = "\"${PROJECT_DIR}/Scripts/update_build_number.sh\"\n";
		};
/* End PBXShellScriptBuildPhase section */

/* Begin PBXResourcesBuildPhase section */
		56AF11132BDED05900887073 /* Resources */ = {
			isa = PBXResourcesBuildPhase;
			buildActionMask = 2147483647;
			files = (
				56DC564A2DD9251C00041DBA /* flower.db in Resources */,
				560FAA5B2E6B43E900BFFC6D /* Localizable.strings in Resources */,
				56AF11232BDED05B00887073 /* Preview Assets.xcassets in Resources */,
				56AF111F2BDED05B00887073 /* Assets.xcassets in Resources */,
			);
			runOnlyForDeploymentPostprocessing = 0;
		};
		56AF11262BDED05B00887073 /* Resources */ = {
			isa = PBXResourcesBuildPhase;
			buildActionMask = 2147483647;
			files = (
			);
			runOnlyForDeploymentPostprocessing = 0;
		};
		56AF11302BDED05B00887073 /* Resources */ = {
			isa = PBXResourcesBuildPhase;
			buildActionMask = 2147483647;
			files = (
			);
			runOnlyForDeploymentPostprocessing = 0;
		};
/* End PBXResourcesBuildPhase section */

/* Begin PBXSourcesBuildPhase section */
		56AF11112BDED05900887073 /* Sources */ = {
			isa = PBXSourcesBuildPhase;
			buildActionMask = 2147483647;
			files = (
				565058CB2E3F64F900CC6E2B /* LogExportView.swift in Sources */,
				565058CC2E3F64F900CC6E2B /* Logger.swift in Sources */,
				5684E2DB2C0F81C0005CD8B6 /* AddDeviceView.swift in Sources */,
				5622B0CA2E3176F5002C7E74 /* PotSizeDTO.swift in Sources */,
				5622B0CB2E3176F5002C7E74 /* SensorDataDTO.swift in Sources */,
				5622B0CC2E3176F5002C7E74 /* OptimalRangeDTO.swift in Sources */,
				5622B0CD2E3176F5002C7E74 /* FlowerDeviceDTO.swift in Sources */,
				56D35EB72E2BE5730059FEE6 /* PotView.swift in Sources */,
				56B44CC32D6E7B3F00A6A75A /* FlowerManager.swift in Sources */,
				56241CE12E03591C0012B18E /* FlowerPot.swift in Sources */,
				56FD6C892E34BF9300905984 /* ReliableFlowerManager.swift in Sources */,
				5622B0EE2E327ADD002C7E74 /* SensorDataDTO+CoreData.swift in Sources */,
				569417562E0DD9C000AE7586 /* CoreDataModels.xcdatamodeld in Sources */,
				56B44CC42D6E7B3F00A6A75A /* HistoricalSensorData.swift in Sources */,
				56B44CCA2D724D7700A6A75A /* OnbordingView.swift in Sources */,
				56B44CC52D6E7B3F00A6A75A /* SensorDataDecoder.swift in Sources */,
				56B44CC62D6E7B3F00A6A75A /* UUIDs.swift in Sources */,
				5654B2AC2CB44DA500EED3D3 /* Extensions.swift in Sources */,
				5622B0E32E317717002C7E74 /* RepositoryManager.swift in Sources */,
				56A8C6EA2D8ECF37004021C0 /* AddDeviceDetails.swift in Sources */,
				565DEC422C159BA3002D784A /* DeviceDetailsViewModel.swift in Sources */,
				5684E2DF2C0F820D005CD8B6 /* AddDeviceBLE.swift in Sources */,
				56241CDE2DFD1E720012B18E /* CircularProgress.swift in Sources */,
				56AF111B2BDED05900887073 /* ContentView.swift in Sources */,
				5684E2E42C0FA2FA005CD8B6 /* OverviewListViewModel.swift in Sources */,
				569B70ED2C10F221005B7BC9 /* DataService.swift in Sources */,
				5667BD8A2C28925300D04382 /* SensorData.swift in Sources */,
				56B44CCC2D725C2700A6A75A /* PlantMonitorService.swift in Sources */,
				568892082C83293A000E8FAE /* SensorDataChart.swift in Sources */,
				5622B0D92E317710002C7E74 /* CoreDataPotSizeRepository.swift in Sources */,
				5622B0DA2E317710002C7E74 /* RepositoryError.swift in Sources */,
				5622B0DB2E317710002C7E74 /* PotSizeRepository.swift in Sources */,
				5622B0DC2E317710002C7E74 /* OptimalRangeRepository.swift in Sources */,
				5622B0DD2E317710002C7E74 /* SensorDataRepository.swift in Sources */,
				5622B0DE2E317710002C7E74 /* CoreDataOptimalRangeRepository.swift in Sources */,
				5622B0DF2E317710002C7E74 /* CoreDataFlowerDeviceRepository.swift in Sources */,
				56FD6C862E34194C00905984 /* SensorDataManager.swift in Sources */,
				560FAA5D2E6B440500BFFC6D /* Strings+Generated.swift in Sources */,
				5622B0E02E317710002C7E74 /* CoreDataSensorDataRepository.swift in Sources */,
				5622B0E12E317710002C7E74 /* FlowerDeviceRepository.swift in Sources */,
				565058C72E3A98A200CC6E2B /* FlowerSelectionView.swift in Sources */,
				56A948F92DE3A5370010575F /* SpeciesModel.swift in Sources */,
				5684E2DD2C0F81E7005CD8B6 /* AddDeviceViewModel.swift in Sources */,
				56A8C6F12D90095B004021C0 /* HistoryLoadingView.swift in Sources */,
				3F13B333BDA24182B72236B6 /* HistoryListView.swift in Sources */,
				56A8C6ED2D8EF1E7004021C0 /* Alert.swift in Sources */,
				5684E2E22C0FA2EE005CD8B6 /* OverviewList.swift in Sources */,
				562629002C42E32700B5DB2A /* AppIntent.swift in Sources */,
				56A8C6EF2D8F38CD004021C0 /* Button.swift in Sources */,
				56A948F72DE3A4790010575F /* FlowerSearch.swift in Sources */,
				56B44CCE2D78E8EC00A6A75A /* print.swift in Sources */,
				56F0F7DB2E564C0400B538AF /* MoistureAnomalyService.swift in Sources */,
				56AF11192BDED05900887073 /* GrowGuardApp.swift in Sources */,
				5688920B2C84B4BD000E8FAE /* AppDelegate.swift in Sources */,
				56B3B7392EA5181700AE41E9 /* WeeklySensorUpdateService.swift in Sources */,
				5622B0E92E317737002C7E74 /* OptimalRange+DTO.swift in Sources */,
				5622B0EA2E317737002C7E74 /* SensorData+DTO.swift in Sources */,
				5622B0EB2E317737002C7E74 /* FlowerDevice+DTO.swift in Sources */,
				5622B0EC2E317737002C7E74 /* PotSize+DTO.swift in Sources */,
				5654B2B92CB4575E00EED3D3 /* SettingsView.swift in Sources */,
				5699C0F42E126A5C00FA9A11 /* AppSettingsView.swift in Sources */,
				5699C0F52E126A5C00FA9A11 /* NotificationPreferenceStore.swift in Sources */,
				56BF5F9D2DFA5E9100D9B2AE /* AddWithoutSensorViewModel.swift in Sources */,
				56BF5F9B2DFA5D7300D9B2AE /* AddWithoutSensor.swift in Sources */,
				565DEC402C159B93002D784A /* DeviceDetailsView.swift in Sources */,
			);
			runOnlyForDeploymentPostprocessing = 0;
		};
		56AF11242BDED05B00887073 /* Sources */ = {
			isa = PBXSourcesBuildPhase;
			buildActionMask = 2147483647;
			files = (
				5654B2C12CB4739C00EED3D3 /* AddDeviceViewModelTests.swift in Sources */,
				5654B2BB2CB45C6E00EED3D3 /* SensorDataDecoderTests.swift in Sources */,
				56FD6C8D2E36960300905984 /* FlowerManagerHistoryTests.swift in Sources */,
				5654B2BD2CB46EE600EED3D3 /* OverviewListViewModelTests.swift in Sources */,
				56AF112D2BDED05B00887073 /* GrowGuardTests.swift in Sources */,
				56F0F7DD2E564C2800B538AF /* MoistureAnomalyServiceTests.swift in Sources */,
			);
			runOnlyForDeploymentPostprocessing = 0;
		};
		56AF112E2BDED05B00887073 /* Sources */ = {
			isa = PBXSourcesBuildPhase;
			buildActionMask = 2147483647;
			files = (
				56AF11372BDED05B00887073 /* GrowGuardUITests.swift in Sources */,
				56AF11392BDED05B00887073 /* GrowGuardUITestsLaunchTests.swift in Sources */,
			);
			runOnlyForDeploymentPostprocessing = 0;
		};
/* End PBXSourcesBuildPhase section */

/* Begin PBXTargetDependency section */
		56AF112A2BDED05B00887073 /* PBXTargetDependency */ = {
			isa = PBXTargetDependency;
			target = 56AF11142BDED05900887073 /* GrowGuard */;
			targetProxy = 56AF11292BDED05B00887073 /* PBXContainerItemProxy */;
		};
		56AF11342BDED05B00887073 /* PBXTargetDependency */ = {
			isa = PBXTargetDependency;
			target = 56AF11142BDED05900887073 /* GrowGuard */;
			targetProxy = 56AF11332BDED05B00887073 /* PBXContainerItemProxy */;
		};
/* End PBXTargetDependency section */

/* Begin XCBuildConfiguration section */
		56AF113A2BDED05B00887073 /* Debug */ = {
			isa = XCBuildConfiguration;
			buildSettings = {
				ALWAYS_SEARCH_USER_PATHS = NO;
				ASSETCATALOG_COMPILER_GENERATE_SWIFT_ASSET_SYMBOL_EXTENSIONS = YES;
				CLANG_ANALYZER_NONNULL = YES;
				CLANG_ANALYZER_NUMBER_OBJECT_CONVERSION = YES_AGGRESSIVE;
				CLANG_CXX_LANGUAGE_STANDARD = "gnu++20";
				CLANG_ENABLE_MODULES = YES;
				CLANG_ENABLE_OBJC_ARC = YES;
				CLANG_ENABLE_OBJC_WEAK = YES;
				CLANG_WARN_BLOCK_CAPTURE_AUTORELEASING = YES;
				CLANG_WARN_BOOL_CONVERSION = YES;
				CLANG_WARN_COMMA = YES;
				CLANG_WARN_CONSTANT_CONVERSION = YES;
				CLANG_WARN_DEPRECATED_OBJC_IMPLEMENTATIONS = YES;
				CLANG_WARN_DIRECT_OBJC_ISA_USAGE = YES_ERROR;
				CLANG_WARN_DOCUMENTATION_COMMENTS = YES;
				CLANG_WARN_EMPTY_BODY = YES;
				CLANG_WARN_ENUM_CONVERSION = YES;
				CLANG_WARN_INFINITE_RECURSION = YES;
				CLANG_WARN_INT_CONVERSION = YES;
				CLANG_WARN_NON_LITERAL_NULL_CONVERSION = YES;
				CLANG_WARN_OBJC_IMPLICIT_RETAIN_SELF = YES;
				CLANG_WARN_OBJC_LITERAL_CONVERSION = YES;
				CLANG_WARN_OBJC_ROOT_CLASS = YES_ERROR;
				CLANG_WARN_QUOTED_INCLUDE_IN_FRAMEWORK_HEADER = YES;
				CLANG_WARN_RANGE_LOOP_ANALYSIS = YES;
				CLANG_WARN_STRICT_PROTOTYPES = YES;
				CLANG_WARN_SUSPICIOUS_MOVE = YES;
				CLANG_WARN_UNGUARDED_AVAILABILITY = YES_AGGRESSIVE;
				CLANG_WARN_UNREACHABLE_CODE = YES;
				CLANG_WARN__DUPLICATE_METHOD_MATCH = YES;
				COPY_PHASE_STRIP = NO;
				DEBUG_INFORMATION_FORMAT = dwarf;
				ENABLE_STRICT_OBJC_MSGSEND = YES;
				ENABLE_TESTABILITY = YES;
				ENABLE_USER_SCRIPT_SANDBOXING = YES;
				GCC_C_LANGUAGE_STANDARD = gnu17;
				GCC_DYNAMIC_NO_PIC = NO;
				GCC_NO_COMMON_BLOCKS = YES;
				GCC_OPTIMIZATION_LEVEL = 0;
				GCC_PREPROCESSOR_DEFINITIONS = (
					"DEBUG=1",
					"$(inherited)",
				);
				GCC_WARN_64_TO_32_BIT_CONVERSION = YES;
				GCC_WARN_ABOUT_RETURN_TYPE = YES_ERROR;
				GCC_WARN_UNDECLARED_SELECTOR = YES;
				GCC_WARN_UNINITIALIZED_AUTOS = YES_AGGRESSIVE;
				GCC_WARN_UNUSED_FUNCTION = YES;
				GCC_WARN_UNUSED_VARIABLE = YES;
				LOCALIZATION_PREFERS_STRING_CATALOGS = YES;
				MTL_ENABLE_DEBUG_INFO = INCLUDE_SOURCE;
				MTL_FAST_MATH = YES;
				ONLY_ACTIVE_ARCH = YES;
				SWIFT_ACTIVE_COMPILATION_CONDITIONS = "DEBUG $(inherited)";
				SWIFT_OPTIMIZATION_LEVEL = "-Onone";
			};
			name = Debug;
		};
		56AF113B2BDED05B00887073 /* Release */ = {
			isa = XCBuildConfiguration;
			buildSettings = {
				ALWAYS_SEARCH_USER_PATHS = NO;
				ASSETCATALOG_COMPILER_GENERATE_SWIFT_ASSET_SYMBOL_EXTENSIONS = YES;
				CLANG_ANALYZER_NONNULL = YES;
				CLANG_ANALYZER_NUMBER_OBJECT_CONVERSION = YES_AGGRESSIVE;
				CLANG_CXX_LANGUAGE_STANDARD = "gnu++20";
				CLANG_ENABLE_MODULES = YES;
				CLANG_ENABLE_OBJC_ARC = YES;
				CLANG_ENABLE_OBJC_WEAK = YES;
				CLANG_WARN_BLOCK_CAPTURE_AUTORELEASING = YES;
				CLANG_WARN_BOOL_CONVERSION = YES;
				CLANG_WARN_COMMA = YES;
				CLANG_WARN_CONSTANT_CONVERSION = YES;
				CLANG_WARN_DEPRECATED_OBJC_IMPLEMENTATIONS = YES;
				CLANG_WARN_DIRECT_OBJC_ISA_USAGE = YES_ERROR;
				CLANG_WARN_DOCUMENTATION_COMMENTS = YES;
				CLANG_WARN_EMPTY_BODY = YES;
				CLANG_WARN_ENUM_CONVERSION = YES;
				CLANG_WARN_INFINITE_RECURSION = YES;
				CLANG_WARN_INT_CONVERSION = YES;
				CLANG_WARN_NON_LITERAL_NULL_CONVERSION = YES;
				CLANG_WARN_OBJC_IMPLICIT_RETAIN_SELF = YES;
				CLANG_WARN_OBJC_LITERAL_CONVERSION = YES;
				CLANG_WARN_OBJC_ROOT_CLASS = YES_ERROR;
				CLANG_WARN_QUOTED_INCLUDE_IN_FRAMEWORK_HEADER = YES;
				CLANG_WARN_RANGE_LOOP_ANALYSIS = YES;
				CLANG_WARN_STRICT_PROTOTYPES = YES;
				CLANG_WARN_SUSPICIOUS_MOVE = YES;
				CLANG_WARN_UNGUARDED_AVAILABILITY = YES_AGGRESSIVE;
				CLANG_WARN_UNREACHABLE_CODE = YES;
				CLANG_WARN__DUPLICATE_METHOD_MATCH = YES;
				COPY_PHASE_STRIP = NO;
				DEBUG_INFORMATION_FORMAT = "dwarf-with-dsym";
				ENABLE_NS_ASSERTIONS = NO;
				ENABLE_STRICT_OBJC_MSGSEND = YES;
				ENABLE_USER_SCRIPT_SANDBOXING = YES;
				GCC_C_LANGUAGE_STANDARD = gnu17;
				GCC_NO_COMMON_BLOCKS = YES;
				GCC_WARN_64_TO_32_BIT_CONVERSION = YES;
				GCC_WARN_ABOUT_RETURN_TYPE = YES_ERROR;
				GCC_WARN_UNDECLARED_SELECTOR = YES;
				GCC_WARN_UNINITIALIZED_AUTOS = YES_AGGRESSIVE;
				GCC_WARN_UNUSED_FUNCTION = YES;
				GCC_WARN_UNUSED_VARIABLE = YES;
				LOCALIZATION_PREFERS_STRING_CATALOGS = YES;
				MTL_ENABLE_DEBUG_INFO = NO;
				MTL_FAST_MATH = YES;
				SWIFT_COMPILATION_MODE = wholemodule;
			};
			name = Release;
		};
		56AF113D2BDED05B00887073 /* Debug */ = {
			isa = XCBuildConfiguration;
			buildSettings = {
				ASSETCATALOG_COMPILER_APPICON_NAME = AppIcon;
				ASSETCATALOG_COMPILER_GLOBAL_ACCENT_COLOR_NAME = AccentColor;
				CODE_SIGN_ENTITLEMENTS = GrowGuard/GrowGuard.entitlements;
				"CODE_SIGN_IDENTITY[sdk=macosx*]" = "Apple Development";
				CODE_SIGN_STYLE = Automatic;
				CURRENT_PROJECT_VERSION = 27.10.2025;
				DEVELOPMENT_ASSET_PATHS = "\"GrowGuard/Preview Content\"";
				DEVELOPMENT_TEAM = G2PVUY2GRG;
				ENABLE_HARDENED_RUNTIME = YES;
				ENABLE_PREVIEWS = YES;
				GENERATE_INFOPLIST_FILE = YES;
				INFOPLIST_FILE = GrowGuard/Info.plist;
				INFOPLIST_KEY_NSBluetoothAlwaysUsageDescription = test;
				INFOPLIST_KEY_NSBluetoothPeripheralUsageDescription = test;
				"INFOPLIST_KEY_UIApplicationSceneManifest_Generation[sdk=iphoneos*]" = YES;
				"INFOPLIST_KEY_UIApplicationSceneManifest_Generation[sdk=iphonesimulator*]" = YES;
				"INFOPLIST_KEY_UIApplicationSupportsIndirectInputEvents[sdk=iphoneos*]" = YES;
				"INFOPLIST_KEY_UIApplicationSupportsIndirectInputEvents[sdk=iphonesimulator*]" = YES;
				"INFOPLIST_KEY_UILaunchScreen_Generation[sdk=iphoneos*]" = YES;
				"INFOPLIST_KEY_UILaunchScreen_Generation[sdk=iphonesimulator*]" = YES;
				"INFOPLIST_KEY_UIStatusBarStyle[sdk=iphoneos*]" = UIStatusBarStyleDefault;
				"INFOPLIST_KEY_UIStatusBarStyle[sdk=iphonesimulator*]" = UIStatusBarStyleDefault;
				INFOPLIST_KEY_UISupportedInterfaceOrientations = UIInterfaceOrientationPortrait;
				IPHONEOS_DEPLOYMENT_TARGET = 18.0;
				LD_RUNPATH_SEARCH_PATHS = "@executable_path/Frameworks";
				"LD_RUNPATH_SEARCH_PATHS[sdk=macosx*]" = "@executable_path/../Frameworks";
				MACOSX_DEPLOYMENT_TARGET = 14.0;
				MARKETING_VERSION = 1.0.1;
				PRODUCT_BUNDLE_IDENTIFIER = pro.veit.company.GrowGuard;
				PRODUCT_NAME = "$(TARGET_NAME)";
				REGISTER_APP_GROUPS = YES;
				SDKROOT = auto;
				SUPPORTED_PLATFORMS = "iphoneos iphonesimulator macosx";
				SUPPORTS_MACCATALYST = NO;
				SWIFT_EMIT_LOC_STRINGS = YES;
				SWIFT_VERSION = 5.0;
				TARGETED_DEVICE_FAMILY = 1;
			};
			name = Debug;
		};
		56AF113E2BDED05B00887073 /* Release */ = {
			isa = XCBuildConfiguration;
			buildSettings = {
				ASSETCATALOG_COMPILER_APPICON_NAME = AppIcon;
				ASSETCATALOG_COMPILER_GLOBAL_ACCENT_COLOR_NAME = AccentColor;
				CODE_SIGN_ENTITLEMENTS = GrowGuard/GrowGuard.entitlements;
				"CODE_SIGN_IDENTITY[sdk=macosx*]" = "Apple Development";
				CODE_SIGN_STYLE = Automatic;
				CURRENT_PROJECT_VERSION = 27.10.2025;
				DEVELOPMENT_ASSET_PATHS = "\"GrowGuard/Preview Content\"";
				DEVELOPMENT_TEAM = G2PVUY2GRG;
				ENABLE_HARDENED_RUNTIME = YES;
				ENABLE_PREVIEWS = YES;
				GENERATE_INFOPLIST_FILE = YES;
				INFOPLIST_FILE = GrowGuard/Info.plist;
				INFOPLIST_KEY_NSBluetoothAlwaysUsageDescription = test;
				INFOPLIST_KEY_NSBluetoothPeripheralUsageDescription = test;
				"INFOPLIST_KEY_UIApplicationSceneManifest_Generation[sdk=iphoneos*]" = YES;
				"INFOPLIST_KEY_UIApplicationSceneManifest_Generation[sdk=iphonesimulator*]" = YES;
				"INFOPLIST_KEY_UIApplicationSupportsIndirectInputEvents[sdk=iphoneos*]" = YES;
				"INFOPLIST_KEY_UIApplicationSupportsIndirectInputEvents[sdk=iphonesimulator*]" = YES;
				"INFOPLIST_KEY_UILaunchScreen_Generation[sdk=iphoneos*]" = YES;
				"INFOPLIST_KEY_UILaunchScreen_Generation[sdk=iphonesimulator*]" = YES;
				"INFOPLIST_KEY_UIStatusBarStyle[sdk=iphoneos*]" = UIStatusBarStyleDefault;
				"INFOPLIST_KEY_UIStatusBarStyle[sdk=iphonesimulator*]" = UIStatusBarStyleDefault;
				INFOPLIST_KEY_UISupportedInterfaceOrientations = UIInterfaceOrientationPortrait;
				IPHONEOS_DEPLOYMENT_TARGET = 18.0;
				LD_RUNPATH_SEARCH_PATHS = "@executable_path/Frameworks";
				"LD_RUNPATH_SEARCH_PATHS[sdk=macosx*]" = "@executable_path/../Frameworks";
				MACOSX_DEPLOYMENT_TARGET = 14.0;
				MARKETING_VERSION = 1.0.1;
				PRODUCT_BUNDLE_IDENTIFIER = pro.veit.company.GrowGuard;
				PRODUCT_NAME = "$(TARGET_NAME)";
				REGISTER_APP_GROUPS = YES;
				SDKROOT = auto;
				SUPPORTED_PLATFORMS = "iphoneos iphonesimulator macosx";
				SUPPORTS_MACCATALYST = NO;
				SWIFT_EMIT_LOC_STRINGS = YES;
				SWIFT_VERSION = 5.0;
				TARGETED_DEVICE_FAMILY = 1;
			};
			name = Release;
		};
		56AF11402BDED05B00887073 /* Debug */ = {
			isa = XCBuildConfiguration;
			buildSettings = {
				ALWAYS_EMBED_SWIFT_STANDARD_LIBRARIES = YES;
				BUNDLE_LOADER = "$(TEST_HOST)";
				CODE_SIGN_STYLE = Automatic;
				CURRENT_PROJECT_VERSION = 1;
				DEVELOPMENT_TEAM = G2PVUY2GRG;
				GENERATE_INFOPLIST_FILE = YES;
				IPHONEOS_DEPLOYMENT_TARGET = 17.4;
				MACOSX_DEPLOYMENT_TARGET = 14.0;
				MARKETING_VERSION = 1.0;
				PRODUCT_BUNDLE_IDENTIFIER = pro.veit.company.GrowGuardTests;
				PRODUCT_NAME = "$(TARGET_NAME)";
				SDKROOT = auto;
				SUPPORTED_PLATFORMS = "iphoneos iphonesimulator macosx";
				SWIFT_EMIT_LOC_STRINGS = NO;
				SWIFT_VERSION = 5.0;
				TARGETED_DEVICE_FAMILY = "1,2";
				TEST_HOST = "$(BUILT_PRODUCTS_DIR)/GrowGuard.app/$(BUNDLE_EXECUTABLE_FOLDER_PATH)/GrowGuard";
			};
			name = Debug;
		};
		56AF11412BDED05B00887073 /* Release */ = {
			isa = XCBuildConfiguration;
			buildSettings = {
				ALWAYS_EMBED_SWIFT_STANDARD_LIBRARIES = YES;
				BUNDLE_LOADER = "$(TEST_HOST)";
				CODE_SIGN_STYLE = Automatic;
				CURRENT_PROJECT_VERSION = 1;
				DEVELOPMENT_TEAM = G2PVUY2GRG;
				GENERATE_INFOPLIST_FILE = YES;
				IPHONEOS_DEPLOYMENT_TARGET = 17.4;
				MACOSX_DEPLOYMENT_TARGET = 14.0;
				MARKETING_VERSION = 1.0;
				PRODUCT_BUNDLE_IDENTIFIER = pro.veit.company.GrowGuardTests;
				PRODUCT_NAME = "$(TARGET_NAME)";
				SDKROOT = auto;
				SUPPORTED_PLATFORMS = "iphoneos iphonesimulator macosx";
				SWIFT_EMIT_LOC_STRINGS = NO;
				SWIFT_VERSION = 5.0;
				TARGETED_DEVICE_FAMILY = "1,2";
				TEST_HOST = "$(BUILT_PRODUCTS_DIR)/GrowGuard.app/$(BUNDLE_EXECUTABLE_FOLDER_PATH)/GrowGuard";
			};
			name = Release;
		};
		56AF11432BDED05B00887073 /* Debug */ = {
			isa = XCBuildConfiguration;
			buildSettings = {
				ALWAYS_EMBED_SWIFT_STANDARD_LIBRARIES = YES;
				CODE_SIGN_STYLE = Automatic;
				CURRENT_PROJECT_VERSION = 1;
				DEVELOPMENT_TEAM = G2PVUY2GRG;
				GENERATE_INFOPLIST_FILE = YES;
				IPHONEOS_DEPLOYMENT_TARGET = 17.4;
				MACOSX_DEPLOYMENT_TARGET = 14.0;
				MARKETING_VERSION = 1.0;
				PRODUCT_BUNDLE_IDENTIFIER = pro.veit.company.GrowGuardUITests;
				PRODUCT_NAME = "$(TARGET_NAME)";
				SDKROOT = auto;
				SUPPORTED_PLATFORMS = "iphoneos iphonesimulator macosx";
				SWIFT_EMIT_LOC_STRINGS = NO;
				SWIFT_VERSION = 5.0;
				TARGETED_DEVICE_FAMILY = "1,2";
				TEST_TARGET_NAME = GrowGuard;
			};
			name = Debug;
		};
		56AF11442BDED05B00887073 /* Release */ = {
			isa = XCBuildConfiguration;
			buildSettings = {
				ALWAYS_EMBED_SWIFT_STANDARD_LIBRARIES = YES;
				CODE_SIGN_STYLE = Automatic;
				CURRENT_PROJECT_VERSION = 1;
				DEVELOPMENT_TEAM = G2PVUY2GRG;
				GENERATE_INFOPLIST_FILE = YES;
				IPHONEOS_DEPLOYMENT_TARGET = 17.4;
				MACOSX_DEPLOYMENT_TARGET = 14.0;
				MARKETING_VERSION = 1.0;
				PRODUCT_BUNDLE_IDENTIFIER = pro.veit.company.GrowGuardUITests;
				PRODUCT_NAME = "$(TARGET_NAME)";
				SDKROOT = auto;
				SUPPORTED_PLATFORMS = "iphoneos iphonesimulator macosx";
				SWIFT_EMIT_LOC_STRINGS = NO;
				SWIFT_VERSION = 5.0;
				TARGETED_DEVICE_FAMILY = "1,2";
				TEST_TARGET_NAME = GrowGuard;
			};
			name = Release;
		};
/* End XCBuildConfiguration section */

/* Begin XCConfigurationList section */
		56AF11102BDED05900887073 /* Build configuration list for PBXProject "GrowGuard" */ = {
			isa = XCConfigurationList;
			buildConfigurations = (
				56AF113A2BDED05B00887073 /* Debug */,
				56AF113B2BDED05B00887073 /* Release */,
			);
			defaultConfigurationIsVisible = 0;
			defaultConfigurationName = Release;
		};
		56AF113C2BDED05B00887073 /* Build configuration list for PBXNativeTarget "GrowGuard" */ = {
			isa = XCConfigurationList;
			buildConfigurations = (
				56AF113D2BDED05B00887073 /* Debug */,
				56AF113E2BDED05B00887073 /* Release */,
			);
			defaultConfigurationIsVisible = 0;
			defaultConfigurationName = Release;
		};
		56AF113F2BDED05B00887073 /* Build configuration list for PBXNativeTarget "GrowGuardTests" */ = {
			isa = XCConfigurationList;
			buildConfigurations = (
				56AF11402BDED05B00887073 /* Debug */,
				56AF11412BDED05B00887073 /* Release */,
			);
			defaultConfigurationIsVisible = 0;
			defaultConfigurationName = Release;
		};
		56AF11422BDED05B00887073 /* Build configuration list for PBXNativeTarget "GrowGuardUITests" */ = {
			isa = XCConfigurationList;
			buildConfigurations = (
				56AF11432BDED05B00887073 /* Debug */,
				56AF11442BDED05B00887073 /* Release */,
			);
			defaultConfigurationIsVisible = 0;
			defaultConfigurationName = Release;
		};
/* End XCConfigurationList section */

/* Begin XCRemoteSwiftPackageReference section */
		56DC564B2DD9256800041DBA /* XCRemoteSwiftPackageReference "GRDB.swift" */ = {
			isa = XCRemoteSwiftPackageReference;
			repositoryURL = "https://github.com/groue/GRDB.swift.git";
			requirement = {
				kind = upToNextMajorVersion;
				minimumVersion = 7.8.0;
			};
		};
/* End XCRemoteSwiftPackageReference section */

/* Begin XCSwiftPackageProductDependency section */
		56DC564C2DD9256800041DBA /* GRDB */ = {
			isa = XCSwiftPackageProductDependency;
			package = 56DC564B2DD9256800041DBA /* XCRemoteSwiftPackageReference "GRDB.swift" */;
			productName = GRDB;
		};
/* End XCSwiftPackageProductDependency section */

/* Begin XCVersionGroup section */
		569417542E0DD9C000AE7586 /* CoreDataModels.xcdatamodeld */ = {
			isa = XCVersionGroup;
			children = (
				569417552E0DD9C000AE7586 /* CoreDataModels.xcdatamodel */,
			);
			currentVersion = 569417552E0DD9C000AE7586 /* CoreDataModels.xcdatamodel */;
			path = CoreDataModels.xcdatamodeld;
			sourceTree = "<group>";
			versionGroupType = wrapper.xcdatamodel;
		};
/* End XCVersionGroup section */
	};
	rootObject = 56AF110D2BDED05900887073 /* Project object */;
}
