// !$*UTF8*$!
{
	archiveVersion = 1;
	classes = {
	};
	objectVersion = 70;
	objects = {

/* Begin PBXBuildFile section */
		562629002C42E32700B5DB2A /* AppIntent.swift in Sources */ = {isa = PBXBuildFile; fileRef = 562628FF2C42E32200B5DB2A /* AppIntent.swift */; };
		5654B2AC2CB44DA500EED3D3 /* Extensions.swift in Sources */ = {isa = PBXBuildFile; fileRef = 5654B2AB2CB44DA000EED3D3 /* Extensions.swift */; };
		5654B2B92CB4575E00EED3D3 /* SettingsView.swift in Sources */ = {isa = PBXBuildFile; fileRef = 5654B2B82CB4575C00EED3D3 /* SettingsView.swift */; };
		5654B2BB2CB45C6E00EED3D3 /* SensorDataDecoderTests.swift in Sources */ = {isa = PBXBuildFile; fileRef = 5654B2BA2CB45C6600EED3D3 /* SensorDataDecoderTests.swift */; };
		565DEC402C159B93002D784A /* DeviceDetailsView.swift in Sources */ = {isa = PBXBuildFile; fileRef = 565DEC3F2C159B93002D784A /* DeviceDetailsView.swift */; };
		565DEC422C159BA3002D784A /* DeviceDetailsViewModel.swift in Sources */ = {isa = PBXBuildFile; fileRef = 565DEC412C159BA3002D784A /* DeviceDetailsViewModel.swift */; };
		5667BD8A2C28925300D04382 /* SensorData.swift in Sources */ = {isa = PBXBuildFile; fileRef = 5667BD892C28924600D04382 /* SensorData.swift */; };
		5684E2DB2C0F81C0005CD8B6 /* AddDeviceView.swift in Sources */ = {isa = PBXBuildFile; fileRef = 5684E2DA2C0F81C0005CD8B6 /* AddDeviceView.swift */; };
		5684E2DD2C0F81E7005CD8B6 /* AddDeviceViewModel.swift in Sources */ = {isa = PBXBuildFile; fileRef = 5684E2DC2C0F81E7005CD8B6 /* AddDeviceViewModel.swift */; };
		5684E2DF2C0F820D005CD8B6 /* AddDeviceBLE.swift in Sources */ = {isa = PBXBuildFile; fileRef = 5684E2DE2C0F820D005CD8B6 /* AddDeviceBLE.swift */; };
		5684E2E22C0FA2EE005CD8B6 /* OverviewList.swift in Sources */ = {isa = PBXBuildFile; fileRef = 5684E2E12C0FA2EE005CD8B6 /* OverviewList.swift */; };
		5684E2E42C0FA2FA005CD8B6 /* OverviewListViewModel.swift in Sources */ = {isa = PBXBuildFile; fileRef = 5684E2E32C0FA2FA005CD8B6 /* OverviewListViewModel.swift */; };
		568892082C83293A000E8FAE /* SensorDataChart.swift in Sources */ = {isa = PBXBuildFile; fileRef = 568892072C832936000E8FAE /* SensorDataChart.swift */; };
		5688920B2C84B4BD000E8FAE /* AppDelegate.swift in Sources */ = {isa = PBXBuildFile; fileRef = 5688920A2C84B4B9000E8FAE /* AppDelegate.swift */; };
		569B70ED2C10F221005B7BC9 /* DataService.swift in Sources */ = {isa = PBXBuildFile; fileRef = 569B70EC2C10F221005B7BC9 /* DataService.swift */; };
		56AF11192BDED05900887073 /* GrowGuardApp.swift in Sources */ = {isa = PBXBuildFile; fileRef = 56AF11182BDED05900887073 /* GrowGuardApp.swift */; };
		56AF111B2BDED05900887073 /* ContentView.swift in Sources */ = {isa = PBXBuildFile; fileRef = 56AF111A2BDED05900887073 /* ContentView.swift */; };
		56AF111D2BDED05900887073 /* FlowerDevice.swift in Sources */ = {isa = PBXBuildFile; fileRef = 56AF111C2BDED05900887073 /* FlowerDevice.swift */; };
		56AF111F2BDED05B00887073 /* Assets.xcassets in Resources */ = {isa = PBXBuildFile; fileRef = 56AF111E2BDED05B00887073 /* Assets.xcassets */; };
		56AF11232BDED05B00887073 /* Preview Assets.xcassets in Resources */ = {isa = PBXBuildFile; fileRef = 56AF11222BDED05B00887073 /* Preview Assets.xcassets */; };
		56AF112D2BDED05B00887073 /* GrowGuardTests.swift in Sources */ = {isa = PBXBuildFile; fileRef = 56AF112C2BDED05B00887073 /* GrowGuardTests.swift */; };
		56AF11372BDED05B00887073 /* GrowGuardUITests.swift in Sources */ = {isa = PBXBuildFile; fileRef = 56AF11362BDED05B00887073 /* GrowGuardUITests.swift */; };
		56AF11392BDED05B00887073 /* GrowGuardUITestsLaunchTests.swift in Sources */ = {isa = PBXBuildFile; fileRef = 56AF11382BDED05B00887073 /* GrowGuardUITestsLaunchTests.swift */; };
/* End PBXBuildFile section */

/* Begin PBXContainerItemProxy section */
		56AF11292BDED05B00887073 /* PBXContainerItemProxy */ = {
			isa = PBXContainerItemProxy;
			containerPortal = 56AF110D2BDED05900887073 /* Project object */;
			proxyType = 1;
			remoteGlobalIDString = 56AF11142BDED05900887073;
			remoteInfo = GrowGuard;
		};
		56AF11332BDED05B00887073 /* PBXContainerItemProxy */ = {
			isa = PBXContainerItemProxy;
			containerPortal = 56AF110D2BDED05900887073 /* Project object */;
			proxyType = 1;
			remoteGlobalIDString = 56AF11142BDED05900887073;
			remoteInfo = GrowGuard;
		};
/* End PBXContainerItemProxy section */

/* Begin PBXFileReference section */
		562628FF2C42E32200B5DB2A /* AppIntent.swift */ = {isa = PBXFileReference; lastKnownFileType = sourcecode.swift; path = AppIntent.swift; sourceTree = "<group>"; };
		5654B2AB2CB44DA000EED3D3 /* Extensions.swift */ = {isa = PBXFileReference; lastKnownFileType = sourcecode.swift; path = Extensions.swift; sourceTree = "<group>"; };
		5654B2B82CB4575C00EED3D3 /* SettingsView.swift */ = {isa = PBXFileReference; lastKnownFileType = sourcecode.swift; path = SettingsView.swift; sourceTree = "<group>"; };
		5654B2BA2CB45C6600EED3D3 /* SensorDataDecoderTests.swift */ = {isa = PBXFileReference; lastKnownFileType = sourcecode.swift; path = SensorDataDecoderTests.swift; sourceTree = "<group>"; };
		565DEC3F2C159B93002D784A /* DeviceDetailsView.swift */ = {isa = PBXFileReference; lastKnownFileType = sourcecode.swift; path = DeviceDetailsView.swift; sourceTree = "<group>"; };
		565DEC412C159BA3002D784A /* DeviceDetailsViewModel.swift */ = {isa = PBXFileReference; lastKnownFileType = sourcecode.swift; path = DeviceDetailsViewModel.swift; sourceTree = "<group>"; };
		5667BD892C28924600D04382 /* SensorData.swift */ = {isa = PBXFileReference; lastKnownFileType = sourcecode.swift; path = SensorData.swift; sourceTree = "<group>"; };
		5684E2DA2C0F81C0005CD8B6 /* AddDeviceView.swift */ = {isa = PBXFileReference; lastKnownFileType = sourcecode.swift; path = AddDeviceView.swift; sourceTree = "<group>"; };
		5684E2DC2C0F81E7005CD8B6 /* AddDeviceViewModel.swift */ = {isa = PBXFileReference; lastKnownFileType = sourcecode.swift; path = AddDeviceViewModel.swift; sourceTree = "<group>"; };
		5684E2DE2C0F820D005CD8B6 /* AddDeviceBLE.swift */ = {isa = PBXFileReference; lastKnownFileType = sourcecode.swift; path = AddDeviceBLE.swift; sourceTree = "<group>"; };
		5684E2E12C0FA2EE005CD8B6 /* OverviewList.swift */ = {isa = PBXFileReference; lastKnownFileType = sourcecode.swift; path = OverviewList.swift; sourceTree = "<group>"; };
		5684E2E32C0FA2FA005CD8B6 /* OverviewListViewModel.swift */ = {isa = PBXFileReference; lastKnownFileType = sourcecode.swift; path = OverviewListViewModel.swift; sourceTree = "<group>"; };
		568892072C832936000E8FAE /* SensorDataChart.swift */ = {isa = PBXFileReference; lastKnownFileType = sourcecode.swift; path = SensorDataChart.swift; sourceTree = "<group>"; };
		5688920A2C84B4B9000E8FAE /* AppDelegate.swift */ = {isa = PBXFileReference; lastKnownFileType = sourcecode.swift; path = AppDelegate.swift; sourceTree = "<group>"; };
		569B70EC2C10F221005B7BC9 /* DataService.swift */ = {isa = PBXFileReference; lastKnownFileType = sourcecode.swift; path = DataService.swift; sourceTree = "<group>"; };
		56AF11152BDED05900887073 /* GrowGuard.app */ = {isa = PBXFileReference; explicitFileType = wrapper.application; includeInIndex = 0; path = GrowGuard.app; sourceTree = BUILT_PRODUCTS_DIR; };
		56AF11182BDED05900887073 /* GrowGuardApp.swift */ = {isa = PBXFileReference; lastKnownFileType = sourcecode.swift; path = GrowGuardApp.swift; sourceTree = "<group>"; };
		56AF111A2BDED05900887073 /* ContentView.swift */ = {isa = PBXFileReference; lastKnownFileType = sourcecode.swift; path = ContentView.swift; sourceTree = "<group>"; };
		56AF111C2BDED05900887073 /* FlowerDevice.swift */ = {isa = PBXFileReference; lastKnownFileType = sourcecode.swift; path = FlowerDevice.swift; sourceTree = "<group>"; };
		56AF111E2BDED05B00887073 /* Assets.xcassets */ = {isa = PBXFileReference; lastKnownFileType = folder.assetcatalog; path = Assets.xcassets; sourceTree = "<group>"; };
		56AF11202BDED05B00887073 /* GrowGuard.entitlements */ = {isa = PBXFileReference; lastKnownFileType = text.plist.entitlements; path = GrowGuard.entitlements; sourceTree = "<group>"; };
		56AF11222BDED05B00887073 /* Preview Assets.xcassets */ = {isa = PBXFileReference; lastKnownFileType = folder.assetcatalog; path = "Preview Assets.xcassets"; sourceTree = "<group>"; };
		56AF11282BDED05B00887073 /* GrowGuardTests.xctest */ = {isa = PBXFileReference; explicitFileType = wrapper.cfbundle; includeInIndex = 0; path = GrowGuardTests.xctest; sourceTree = BUILT_PRODUCTS_DIR; };
		56AF112C2BDED05B00887073 /* GrowGuardTests.swift */ = {isa = PBXFileReference; lastKnownFileType = sourcecode.swift; path = GrowGuardTests.swift; sourceTree = "<group>"; };
		56AF11322BDED05B00887073 /* GrowGuardUITests.xctest */ = {isa = PBXFileReference; explicitFileType = wrapper.cfbundle; includeInIndex = 0; path = GrowGuardUITests.xctest; sourceTree = BUILT_PRODUCTS_DIR; };
		56AF11362BDED05B00887073 /* GrowGuardUITests.swift */ = {isa = PBXFileReference; lastKnownFileType = sourcecode.swift; path = GrowGuardUITests.swift; sourceTree = "<group>"; };
		56AF11382BDED05B00887073 /* GrowGuardUITestsLaunchTests.swift */ = {isa = PBXFileReference; lastKnownFileType = sourcecode.swift; path = GrowGuardUITestsLaunchTests.swift; sourceTree = "<group>"; };
		56AF11452BE2492300887073 /* Info.plist */ = {isa = PBXFileReference; lastKnownFileType = text.plist; path = Info.plist; sourceTree = "<group>"; };
/* End PBXFileReference section */

/* Begin PBXFileSystemSynchronizedRootGroup section */
		5654B2AD2CB450A100EED3D3 /* BLE */ = {isa = PBXFileSystemSynchronizedRootGroup; explicitFileTypes = {}; explicitFolders = (); path = BLE; sourceTree = "<group>"; };
/* End PBXFileSystemSynchronizedRootGroup section */

/* Begin PBXFrameworksBuildPhase section */
		56AF11122BDED05900887073 /* Frameworks */ = {
			isa = PBXFrameworksBuildPhase;
			buildActionMask = 2147483647;
			files = (
			);
			runOnlyForDeploymentPostprocessing = 0;
		};
		56AF11252BDED05B00887073 /* Frameworks */ = {
			isa = PBXFrameworksBuildPhase;
			buildActionMask = 2147483647;
			files = (
			);
			runOnlyForDeploymentPostprocessing = 0;
		};
		56AF112F2BDED05B00887073 /* Frameworks */ = {
			isa = PBXFrameworksBuildPhase;
			buildActionMask = 2147483647;
			files = (
			);
			runOnlyForDeploymentPostprocessing = 0;
		};
/* End PBXFrameworksBuildPhase section */

/* Begin PBXGroup section */
		5654B2B72CB4575700EED3D3 /* Settings */ = {
			isa = PBXGroup;
			children = (
				5654B2B82CB4575C00EED3D3 /* SettingsView.swift */,
			);
			path = Settings;
			sourceTree = "<group>";
		};
		565DEC3E2C159868002D784A /* DeviceDetails */ = {
			isa = PBXGroup;
			children = (
				5654B2B72CB4575700EED3D3 /* Settings */,
				568892062C83292D000E8FAE /* Componetns */,
				565DEC3F2C159B93002D784A /* DeviceDetailsView.swift */,
				565DEC412C159BA3002D784A /* DeviceDetailsViewModel.swift */,
			);
			path = DeviceDetails;
			sourceTree = "<group>";
		};
		5684E2D92C0C9054005CD8B6 /* AddDevice */ = {
			isa = PBXGroup;
			children = (
				5684E2DA2C0F81C0005CD8B6 /* AddDeviceView.swift */,
				5684E2DC2C0F81E7005CD8B6 /* AddDeviceViewModel.swift */,
				5684E2DE2C0F820D005CD8B6 /* AddDeviceBLE.swift */,
			);
			path = AddDevice;
			sourceTree = "<group>";
		};
		5684E2E02C0FA143005CD8B6 /* OverviewList */ = {
			isa = PBXGroup;
			children = (
				5684E2E12C0FA2EE005CD8B6 /* OverviewList.swift */,
				5684E2E32C0FA2FA005CD8B6 /* OverviewListViewModel.swift */,
			);
			path = OverviewList;
			sourceTree = "<group>";
		};
		5684E2E52C0FA303005CD8B6 /* Database */ = {
			isa = PBXGroup;
			children = (
				5667BD892C28924600D04382 /* SensorData.swift */,
				56AF111C2BDED05900887073 /* FlowerDevice.swift */,
				569B70EC2C10F221005B7BC9 /* DataService.swift */,
			);
			path = Database;
			sourceTree = "<group>";
		};
		568892062C83292D000E8FAE /* Componetns */ = {
			isa = PBXGroup;
			children = (
				568892072C832936000E8FAE /* SensorDataChart.swift */,
			);
			path = Componetns;
			sourceTree = "<group>";
		};
		56AF110C2BDED05900887073 = {
			isa = PBXGroup;
			children = (
				56AF11172BDED05900887073 /* GrowGuard */,
				56AF112B2BDED05B00887073 /* GrowGuardTests */,
				56AF11352BDED05B00887073 /* GrowGuardUITests */,
				56AF11162BDED05900887073 /* Products */,
			);
			sourceTree = "<group>";
		};
		56AF11162BDED05900887073 /* Products */ = {
			isa = PBXGroup;
			children = (
				56AF11152BDED05900887073 /* GrowGuard.app */,
				56AF11282BDED05B00887073 /* GrowGuardTests.xctest */,
				56AF11322BDED05B00887073 /* GrowGuardUITests.xctest */,
			);
			name = Products;
			sourceTree = "<group>";
		};
		56AF11172BDED05900887073 /* GrowGuard */ = {
			isa = PBXGroup;
			children = (
				5654B2AD2CB450A100EED3D3 /* BLE */,
				5654B2AB2CB44DA000EED3D3 /* Extensions.swift */,
				5688920A2C84B4B9000E8FAE /* AppDelegate.swift */,
				562628FF2C42E32200B5DB2A /* AppIntent.swift */,
				565DEC3E2C159868002D784A /* DeviceDetails */,
				5684E2E52C0FA303005CD8B6 /* Database */,
				5684E2E02C0FA143005CD8B6 /* OverviewList */,
				5684E2D92C0C9054005CD8B6 /* AddDevice */,
				56AF11452BE2492300887073 /* Info.plist */,
				56AF11182BDED05900887073 /* GrowGuardApp.swift */,
				56AF111A2BDED05900887073 /* ContentView.swift */,
				56AF111E2BDED05B00887073 /* Assets.xcassets */,
				56AF11202BDED05B00887073 /* GrowGuard.entitlements */,
				56AF11212BDED05B00887073 /* Preview Content */,
			);
			path = GrowGuard;
			sourceTree = "<group>";
		};
		56AF11212BDED05B00887073 /* Preview Content */ = {
			isa = PBXGroup;
			children = (
				56AF11222BDED05B00887073 /* Preview Assets.xcassets */,
			);
			path = "Preview Content";
			sourceTree = "<group>";
		};
		56AF112B2BDED05B00887073 /* GrowGuardTests */ = {
			isa = PBXGroup;
			children = (
				5654B2BA2CB45C6600EED3D3 /* SensorDataDecoderTests.swift */,
				56AF112C2BDED05B00887073 /* GrowGuardTests.swift */,
			);
			path = GrowGuardTests;
			sourceTree = "<group>";
		};
		56AF11352BDED05B00887073 /* GrowGuardUITests */ = {
			isa = PBXGroup;
			children = (
				56AF11362BDED05B00887073 /* GrowGuardUITests.swift */,
				56AF11382BDED05B00887073 /* GrowGuardUITestsLaunchTests.swift */,
			);
			path = GrowGuardUITests;
			sourceTree = "<group>";
		};
/* End PBXGroup section */

/* Begin PBXNativeTarget section */
		56AF11142BDED05900887073 /* GrowGuard */ = {
			isa = PBXNativeTarget;
			buildConfigurationList = 56AF113C2BDED05B00887073 /* Build configuration list for PBXNativeTarget "GrowGuard" */;
			buildPhases = (
				56AF11112BDED05900887073 /* Sources */,
				56AF11122BDED05900887073 /* Frameworks */,
				56AF11132BDED05900887073 /* Resources */,
			);
			buildRules = (
			);
			dependencies = (
			);
			fileSystemSynchronizedGroups = (
				5654B2AD2CB450A100EED3D3 /* BLE */,
			);
			name = GrowGuard;
			productName = GrowGuard;
			productReference = 56AF11152BDED05900887073 /* GrowGuard.app */;
			productType = "com.apple.product-type.application";
		};
		56AF11272BDED05B00887073 /* GrowGuardTests */ = {
			isa = PBXNativeTarget;
			buildConfigurationList = 56AF113F2BDED05B00887073 /* Build configuration list for PBXNativeTarget "GrowGuardTests" */;
			buildPhases = (
				56AF11242BDED05B00887073 /* Sources */,
				56AF11252BDED05B00887073 /* Frameworks */,
				56AF11262BDED05B00887073 /* Resources */,
			);
			buildRules = (
			);
			dependencies = (
				56AF112A2BDED05B00887073 /* PBXTargetDependency */,
			);
			name = GrowGuardTests;
			productName = GrowGuardTests;
			productReference = 56AF11282BDED05B00887073 /* GrowGuardTests.xctest */;
			productType = "com.apple.product-type.bundle.unit-test";
		};
		56AF11312BDED05B00887073 /* GrowGuardUITests */ = {
			isa = PBXNativeTarget;
			buildConfigurationList = 56AF11422BDED05B00887073 /* Build configuration list for PBXNativeTarget "GrowGuardUITests" */;
			buildPhases = (
				56AF112E2BDED05B00887073 /* Sources */,
				56AF112F2BDED05B00887073 /* Frameworks */,
				56AF11302BDED05B00887073 /* Resources */,
			);
			buildRules = (
			);
			dependencies = (
				56AF11342BDED05B00887073 /* PBXTargetDependency */,
			);
			name = GrowGuardUITests;
			productName = GrowGuardUITests;
			productReference = 56AF11322BDED05B00887073 /* GrowGuardUITests.xctest */;
			productType = "com.apple.product-type.bundle.ui-testing";
		};
/* End PBXNativeTarget section */

/* Begin PBXProject section */
		56AF110D2BDED05900887073 /* Project object */ = {
			isa = PBXProject;
			attributes = {
				BuildIndependentTargetsInParallel = 1;
				LastSwiftUpdateCheck = 1530;
				LastUpgradeCheck = 1530;
				TargetAttributes = {
					56AF11142BDED05900887073 = {
						CreatedOnToolsVersion = 15.3;
					};
					56AF11272BDED05B00887073 = {
						CreatedOnToolsVersion = 15.3;
						TestTargetID = 56AF11142BDED05900887073;
					};
					56AF11312BDED05B00887073 = {
						CreatedOnToolsVersion = 15.3;
						TestTargetID = 56AF11142BDED05900887073;
					};
				};
			};
			buildConfigurationList = 56AF11102BDED05900887073 /* Build configuration list for PBXProject "GrowGuard" */;
			compatibilityVersion = "Xcode 14.0";
			developmentRegion = en;
			hasScannedForEncodings = 0;
			knownRegions = (
				en,
				Base,
			);
			mainGroup = 56AF110C2BDED05900887073;
			productRefGroup = 56AF11162BDED05900887073 /* Products */;
			projectDirPath = "";
			projectRoot = "";
			targets = (
				56AF11142BDED05900887073 /* GrowGuard */,
				56AF11272BDED05B00887073 /* GrowGuardTests */,
				56AF11312BDED05B00887073 /* GrowGuardUITests */,
			);
		};
/* End PBXProject section */

/* Begin PBXResourcesBuildPhase section */
		56AF11132BDED05900887073 /* Resources */ = {
			isa = PBXResourcesBuildPhase;
			buildActionMask = 2147483647;
			files = (
				56AF11232BDED05B00887073 /* Preview Assets.xcassets in Resources */,
				56AF111F2BDED05B00887073 /* Assets.xcassets in Resources */,
			);
			runOnlyForDeploymentPostprocessing = 0;
		};
		56AF11262BDED05B00887073 /* Resources */ = {
			isa = PBXResourcesBuildPhase;
			buildActionMask = 2147483647;
			files = (
			);
			runOnlyForDeploymentPostprocessing = 0;
		};
		56AF11302BDED05B00887073 /* Resources */ = {
			isa = PBXResourcesBuildPhase;
			buildActionMask = 2147483647;
			files = (
			);
			runOnlyForDeploymentPostprocessing = 0;
		};
/* End PBXResourcesBuildPhase section */

/* Begin PBXSourcesBuildPhase section */
		56AF11112BDED05900887073 /* Sources */ = {
			isa = PBXSourcesBuildPhase;
			buildActionMask = 2147483647;
			files = (
				5684E2DB2C0F81C0005CD8B6 /* AddDeviceView.swift in Sources */,
				5654B2AC2CB44DA500EED3D3 /* Extensions.swift in Sources */,
				565DEC422C159BA3002D784A /* DeviceDetailsViewModel.swift in Sources */,
				5684E2DF2C0F820D005CD8B6 /* AddDeviceBLE.swift in Sources */,
				56AF111B2BDED05900887073 /* ContentView.swift in Sources */,
				5684E2E42C0FA2FA005CD8B6 /* OverviewListViewModel.swift in Sources */,
				569B70ED2C10F221005B7BC9 /* DataService.swift in Sources */,
				5667BD8A2C28925300D04382 /* SensorData.swift in Sources */,
				568892082C83293A000E8FAE /* SensorDataChart.swift in Sources */,
				5684E2DD2C0F81E7005CD8B6 /* AddDeviceViewModel.swift in Sources */,
				56AF111D2BDED05900887073 /* FlowerDevice.swift in Sources */,
				5684E2E22C0FA2EE005CD8B6 /* OverviewList.swift in Sources */,
				562629002C42E32700B5DB2A /* AppIntent.swift in Sources */,
				56AF11192BDED05900887073 /* GrowGuardApp.swift in Sources */,
				5688920B2C84B4BD000E8FAE /* AppDelegate.swift in Sources */,
				5654B2B92CB4575E00EED3D3 /* SettingsView.swift in Sources */,
				565DEC402C159B93002D784A /* DeviceDetailsView.swift in Sources */,
			);
			runOnlyForDeploymentPostprocessing = 0;
		};
		56AF11242BDED05B00887073 /* Sources */ = {
			isa = PBXSourcesBuildPhase;
			buildActionMask = 2147483647;
			files = (
				5654B2BB2CB45C6E00EED3D3 /* SensorDataDecoderTests.swift in Sources */,
				56AF112D2BDED05B00887073 /* GrowGuardTests.swift in Sources */,
			);
			runOnlyForDeploymentPostprocessing = 0;
		};
		56AF112E2BDED05B00887073 /* Sources */ = {
			isa = PBXSourcesBuildPhase;
			buildActionMask = 2147483647;
			files = (
				56AF11372BDED05B00887073 /* GrowGuardUITests.swift in Sources */,
				56AF11392BDED05B00887073 /* GrowGuardUITestsLaunchTests.swift in Sources */,
			);
			runOnlyForDeploymentPostprocessing = 0;
		};
/* End PBXSourcesBuildPhase section */

/* Begin PBXTargetDependency section */
		56AF112A2BDED05B00887073 /* PBXTargetDependency */ = {
			isa = PBXTargetDependency;
			target = 56AF11142BDED05900887073 /* GrowGuard */;
			targetProxy = 56AF11292BDED05B00887073 /* PBXContainerItemProxy */;
		};
		56AF11342BDED05B00887073 /* PBXTargetDependency */ = {
			isa = PBXTargetDependency;
			target = 56AF11142BDED05900887073 /* GrowGuard */;
			targetProxy = 56AF11332BDED05B00887073 /* PBXContainerItemProxy */;
		};
/* End PBXTargetDependency section */

/* Begin XCBuildConfiguration section */
		56AF113A2BDED05B00887073 /* Debug */ = {
			isa = XCBuildConfiguration;
			buildSettings = {
				ALWAYS_SEARCH_USER_PATHS = NO;
				ASSETCATALOG_COMPILER_GENERATE_SWIFT_ASSET_SYMBOL_EXTENSIONS = YES;
				CLANG_ANALYZER_NONNULL = YES;
				CLANG_ANALYZER_NUMBER_OBJECT_CONVERSION = YES_AGGRESSIVE;
				CLANG_CXX_LANGUAGE_STANDARD = "gnu++20";
				CLANG_ENABLE_MODULES = YES;
				CLANG_ENABLE_OBJC_ARC = YES;
				CLANG_ENABLE_OBJC_WEAK = YES;
				CLANG_WARN_BLOCK_CAPTURE_AUTORELEASING = YES;
				CLANG_WARN_BOOL_CONVERSION = YES;
				CLANG_WARN_COMMA = YES;
				CLANG_WARN_CONSTANT_CONVERSION = YES;
				CLANG_WARN_DEPRECATED_OBJC_IMPLEMENTATIONS = YES;
				CLANG_WARN_DIRECT_OBJC_ISA_USAGE = YES_ERROR;
				CLANG_WARN_DOCUMENTATION_COMMENTS = YES;
				CLANG_WARN_EMPTY_BODY = YES;
				CLANG_WARN_ENUM_CONVERSION = YES;
				CLANG_WARN_INFINITE_RECURSION = YES;
				CLANG_WARN_INT_CONVERSION = YES;
				CLANG_WARN_NON_LITERAL_NULL_CONVERSION = YES;
				CLANG_WARN_OBJC_IMPLICIT_RETAIN_SELF = YES;
				CLANG_WARN_OBJC_LITERAL_CONVERSION = YES;
				CLANG_WARN_OBJC_ROOT_CLASS = YES_ERROR;
				CLANG_WARN_QUOTED_INCLUDE_IN_FRAMEWORK_HEADER = YES;
				CLANG_WARN_RANGE_LOOP_ANALYSIS = YES;
				CLANG_WARN_STRICT_PROTOTYPES = YES;
				CLANG_WARN_SUSPICIOUS_MOVE = YES;
				CLANG_WARN_UNGUARDED_AVAILABILITY = YES_AGGRESSIVE;
				CLANG_WARN_UNREACHABLE_CODE = YES;
				CLANG_WARN__DUPLICATE_METHOD_MATCH = YES;
				COPY_PHASE_STRIP = NO;
				DEBUG_INFORMATION_FORMAT = dwarf;
				ENABLE_STRICT_OBJC_MSGSEND = YES;
				ENABLE_TESTABILITY = YES;
				ENABLE_USER_SCRIPT_SANDBOXING = YES;
				GCC_C_LANGUAGE_STANDARD = gnu17;
				GCC_DYNAMIC_NO_PIC = NO;
				GCC_NO_COMMON_BLOCKS = YES;
				GCC_OPTIMIZATION_LEVEL = 0;
				GCC_PREPROCESSOR_DEFINITIONS = (
					"DEBUG=1",
					"$(inherited)",
				);
				GCC_WARN_64_TO_32_BIT_CONVERSION = YES;
				GCC_WARN_ABOUT_RETURN_TYPE = YES_ERROR;
				GCC_WARN_UNDECLARED_SELECTOR = YES;
				GCC_WARN_UNINITIALIZED_AUTOS = YES_AGGRESSIVE;
				GCC_WARN_UNUSED_FUNCTION = YES;
				GCC_WARN_UNUSED_VARIABLE = YES;
				LOCALIZATION_PREFERS_STRING_CATALOGS = YES;
				MTL_ENABLE_DEBUG_INFO = INCLUDE_SOURCE;
				MTL_FAST_MATH = YES;
				ONLY_ACTIVE_ARCH = YES;
				SWIFT_ACTIVE_COMPILATION_CONDITIONS = "DEBUG $(inherited)";
				SWIFT_OPTIMIZATION_LEVEL = "-Onone";
			};
			name = Debug;
		};
		56AF113B2BDED05B00887073 /* Release */ = {
			isa = XCBuildConfiguration;
			buildSettings = {
				ALWAYS_SEARCH_USER_PATHS = NO;
				ASSETCATALOG_COMPILER_GENERATE_SWIFT_ASSET_SYMBOL_EXTENSIONS = YES;
				CLANG_ANALYZER_NONNULL = YES;
				CLANG_ANALYZER_NUMBER_OBJECT_CONVERSION = YES_AGGRESSIVE;
				CLANG_CXX_LANGUAGE_STANDARD = "gnu++20";
				CLANG_ENABLE_MODULES = YES;
				CLANG_ENABLE_OBJC_ARC = YES;
				CLANG_ENABLE_OBJC_WEAK = YES;
				CLANG_WARN_BLOCK_CAPTURE_AUTORELEASING = YES;
				CLANG_WARN_BOOL_CONVERSION = YES;
				CLANG_WARN_COMMA = YES;
				CLANG_WARN_CONSTANT_CONVERSION = YES;
				CLANG_WARN_DEPRECATED_OBJC_IMPLEMENTATIONS = YES;
				CLANG_WARN_DIRECT_OBJC_ISA_USAGE = YES_ERROR;
				CLANG_WARN_DOCUMENTATION_COMMENTS = YES;
				CLANG_WARN_EMPTY_BODY = YES;
				CLANG_WARN_ENUM_CONVERSION = YES;
				CLANG_WARN_INFINITE_RECURSION = YES;
				CLANG_WARN_INT_CONVERSION = YES;
				CLANG_WARN_NON_LITERAL_NULL_CONVERSION = YES;
				CLANG_WARN_OBJC_IMPLICIT_RETAIN_SELF = YES;
				CLANG_WARN_OBJC_LITERAL_CONVERSION = YES;
				CLANG_WARN_OBJC_ROOT_CLASS = YES_ERROR;
				CLANG_WARN_QUOTED_INCLUDE_IN_FRAMEWORK_HEADER = YES;
				CLANG_WARN_RANGE_LOOP_ANALYSIS = YES;
				CLANG_WARN_STRICT_PROTOTYPES = YES;
				CLANG_WARN_SUSPICIOUS_MOVE = YES;
				CLANG_WARN_UNGUARDED_AVAILABILITY = YES_AGGRESSIVE;
				CLANG_WARN_UNREACHABLE_CODE = YES;
				CLANG_WARN__DUPLICATE_METHOD_MATCH = YES;
				COPY_PHASE_STRIP = NO;
				DEBUG_INFORMATION_FORMAT = "dwarf-with-dsym";
				ENABLE_NS_ASSERTIONS = NO;
				ENABLE_STRICT_OBJC_MSGSEND = YES;
				ENABLE_USER_SCRIPT_SANDBOXING = YES;
				GCC_C_LANGUAGE_STANDARD = gnu17;
				GCC_NO_COMMON_BLOCKS = YES;
				GCC_WARN_64_TO_32_BIT_CONVERSION = YES;
				GCC_WARN_ABOUT_RETURN_TYPE = YES_ERROR;
				GCC_WARN_UNDECLARED_SELECTOR = YES;
				GCC_WARN_UNINITIALIZED_AUTOS = YES_AGGRESSIVE;
				GCC_WARN_UNUSED_FUNCTION = YES;
				GCC_WARN_UNUSED_VARIABLE = YES;
				LOCALIZATION_PREFERS_STRING_CATALOGS = YES;
				MTL_ENABLE_DEBUG_INFO = NO;
				MTL_FAST_MATH = YES;
				SWIFT_COMPILATION_MODE = wholemodule;
			};
			name = Release;
		};
		56AF113D2BDED05B00887073 /* Debug */ = {
			isa = XCBuildConfiguration;
			buildSettings = {
				ASSETCATALOG_COMPILER_APPICON_NAME = AppIcon;
				ASSETCATALOG_COMPILER_GLOBAL_ACCENT_COLOR_NAME = AccentColor;
				CODE_SIGN_ENTITLEMENTS = GrowGuard/GrowGuard.entitlements;
				CODE_SIGN_STYLE = Automatic;
				CURRENT_PROJECT_VERSION = 1;
				DEVELOPMENT_ASSET_PATHS = "\"GrowGuard/Preview Content\"";
				DEVELOPMENT_TEAM = 7RPD69GC7T;
				ENABLE_HARDENED_RUNTIME = YES;
				ENABLE_PREVIEWS = YES;
				GENERATE_INFOPLIST_FILE = YES;
				INFOPLIST_FILE = GrowGuard/Info.plist;
				INFOPLIST_KEY_NSBluetoothAlwaysUsageDescription = test;
				INFOPLIST_KEY_NSBluetoothPeripheralUsageDescription = test;
				"INFOPLIST_KEY_UIApplicationSceneManifest_Generation[sdk=iphoneos*]" = YES;
				"INFOPLIST_KEY_UIApplicationSceneManifest_Generation[sdk=iphonesimulator*]" = YES;
				"INFOPLIST_KEY_UIApplicationSupportsIndirectInputEvents[sdk=iphoneos*]" = YES;
				"INFOPLIST_KEY_UIApplicationSupportsIndirectInputEvents[sdk=iphonesimulator*]" = YES;
				"INFOPLIST_KEY_UILaunchScreen_Generation[sdk=iphoneos*]" = YES;
				"INFOPLIST_KEY_UILaunchScreen_Generation[sdk=iphonesimulator*]" = YES;
				"INFOPLIST_KEY_UIStatusBarStyle[sdk=iphoneos*]" = UIStatusBarStyleDefault;
				"INFOPLIST_KEY_UIStatusBarStyle[sdk=iphonesimulator*]" = UIStatusBarStyleDefault;
				INFOPLIST_KEY_UISupportedInterfaceOrientations_iPad = "UIInterfaceOrientationPortrait UIInterfaceOrientationPortraitUpsideDown UIInterfaceOrientationLandscapeLeft UIInterfaceOrientationLandscapeRight";
				INFOPLIST_KEY_UISupportedInterfaceOrientations_iPhone = "UIInterfaceOrientationPortrait UIInterfaceOrientationLandscapeLeft UIInterfaceOrientationLandscapeRight";
				IPHONEOS_DEPLOYMENT_TARGET = 17.4;
				LD_RUNPATH_SEARCH_PATHS = "@executable_path/Frameworks";
				"LD_RUNPATH_SEARCH_PATHS[sdk=macosx*]" = "@executable_path/../Frameworks";
				MACOSX_DEPLOYMENT_TARGET = 14.0;
				MARKETING_VERSION = 1.0;
				PRODUCT_BUNDLE_IDENTIFIER = pro.veit.GrowGuard;
				PRODUCT_NAME = "$(TARGET_NAME)";
				SDKROOT = auto;
				SUPPORTED_PLATFORMS = "iphoneos iphonesimulator macosx";
				SWIFT_EMIT_LOC_STRINGS = YES;
				SWIFT_VERSION = 5.0;
				TARGETED_DEVICE_FAMILY = "1,2";
			};
			name = Debug;
		};
		56AF113E2BDED05B00887073 /* Release */ = {
			isa = XCBuildConfiguration;
			buildSettings = {
				ASSETCATALOG_COMPILER_APPICON_NAME = AppIcon;
				ASSETCATALOG_COMPILER_GLOBAL_ACCENT_COLOR_NAME = AccentColor;
				CODE_SIGN_ENTITLEMENTS = GrowGuard/GrowGuard.entitlements;
				CODE_SIGN_STYLE = Automatic;
				CURRENT_PROJECT_VERSION = 1;
				DEVELOPMENT_ASSET_PATHS = "\"GrowGuard/Preview Content\"";
				DEVELOPMENT_TEAM = 7RPD69GC7T;
				ENABLE_HARDENED_RUNTIME = YES;
				ENABLE_PREVIEWS = YES;
				GENERATE_INFOPLIST_FILE = YES;
				INFOPLIST_FILE = GrowGuard/Info.plist;
				INFOPLIST_KEY_NSBluetoothAlwaysUsageDescription = test;
				INFOPLIST_KEY_NSBluetoothPeripheralUsageDescription = test;
				"INFOPLIST_KEY_UIApplicationSceneManifest_Generation[sdk=iphoneos*]" = YES;
				"INFOPLIST_KEY_UIApplicationSceneManifest_Generation[sdk=iphonesimulator*]" = YES;
				"INFOPLIST_KEY_UIApplicationSupportsIndirectInputEvents[sdk=iphoneos*]" = YES;
				"INFOPLIST_KEY_UIApplicationSupportsIndirectInputEvents[sdk=iphonesimulator*]" = YES;
				"INFOPLIST_KEY_UILaunchScreen_Generation[sdk=iphoneos*]" = YES;
				"INFOPLIST_KEY_UILaunchScreen_Generation[sdk=iphonesimulator*]" = YES;
				"INFOPLIST_KEY_UIStatusBarStyle[sdk=iphoneos*]" = UIStatusBarStyleDefault;
				"INFOPLIST_KEY_UIStatusBarStyle[sdk=iphonesimulator*]" = UIStatusBarStyleDefault;
				INFOPLIST_KEY_UISupportedInterfaceOrientations_iPad = "UIInterfaceOrientationPortrait UIInterfaceOrientationPortraitUpsideDown UIInterfaceOrientationLandscapeLeft UIInterfaceOrientationLandscapeRight";
				INFOPLIST_KEY_UISupportedInterfaceOrientations_iPhone = "UIInterfaceOrientationPortrait UIInterfaceOrientationLandscapeLeft UIInterfaceOrientationLandscapeRight";
				IPHONEOS_DEPLOYMENT_TARGET = 17.4;
				LD_RUNPATH_SEARCH_PATHS = "@executable_path/Frameworks";
				"LD_RUNPATH_SEARCH_PATHS[sdk=macosx*]" = "@executable_path/../Frameworks";
				MACOSX_DEPLOYMENT_TARGET = 14.0;
				MARKETING_VERSION = 1.0;
				PRODUCT_BUNDLE_IDENTIFIER = pro.veit.GrowGuard;
				PRODUCT_NAME = "$(TARGET_NAME)";
				SDKROOT = auto;
				SUPPORTED_PLATFORMS = "iphoneos iphonesimulator macosx";
				SWIFT_EMIT_LOC_STRINGS = YES;
				SWIFT_VERSION = 5.0;
				TARGETED_DEVICE_FAMILY = "1,2";
			};
			name = Release;
		};
		56AF11402BDED05B00887073 /* Debug */ = {
			isa = XCBuildConfiguration;
			buildSettings = {
				ALWAYS_EMBED_SWIFT_STANDARD_LIBRARIES = YES;
				BUNDLE_LOADER = "$(TEST_HOST)";
				CODE_SIGN_STYLE = Automatic;
				CURRENT_PROJECT_VERSION = 1;
				DEVELOPMENT_TEAM = 7RPD69GC7T;
				GENERATE_INFOPLIST_FILE = YES;
				IPHONEOS_DEPLOYMENT_TARGET = 17.4;
				MACOSX_DEPLOYMENT_TARGET = 14.0;
				MARKETING_VERSION = 1.0;
				PRODUCT_BUNDLE_IDENTIFIER = pro.veit.GrowGuardTests;
				PRODUCT_NAME = "$(TARGET_NAME)";
				SDKROOT = auto;
				SUPPORTED_PLATFORMS = "iphoneos iphonesimulator macosx";
				SWIFT_EMIT_LOC_STRINGS = NO;
				SWIFT_VERSION = 5.0;
				TARGETED_DEVICE_FAMILY = "1,2";
				TEST_HOST = "$(BUILT_PRODUCTS_DIR)/GrowGuard.app/$(BUNDLE_EXECUTABLE_FOLDER_PATH)/GrowGuard";
			};
			name = Debug;
		};
		56AF11412BDED05B00887073 /* Release */ = {
			isa = XCBuildConfiguration;
			buildSettings = {
				ALWAYS_EMBED_SWIFT_STANDARD_LIBRARIES = YES;
				BUNDLE_LOADER = "$(TEST_HOST)";
				CODE_SIGN_STYLE = Automatic;
				CURRENT_PROJECT_VERSION = 1;
				DEVELOPMENT_TEAM = 7RPD69GC7T;
				GENERATE_INFOPLIST_FILE = YES;
				IPHONEOS_DEPLOYMENT_TARGET = 17.4;
				MACOSX_DEPLOYMENT_TARGET = 14.0;
				MARKETING_VERSION = 1.0;
				PRODUCT_BUNDLE_IDENTIFIER = pro.veit.GrowGuardTests;
				PRODUCT_NAME = "$(TARGET_NAME)";
				SDKROOT = auto;
				SUPPORTED_PLATFORMS = "iphoneos iphonesimulator macosx";
				SWIFT_EMIT_LOC_STRINGS = NO;
				SWIFT_VERSION = 5.0;
				TARGETED_DEVICE_FAMILY = "1,2";
				TEST_HOST = "$(BUILT_PRODUCTS_DIR)/GrowGuard.app/$(BUNDLE_EXECUTABLE_FOLDER_PATH)/GrowGuard";
			};
			name = Release;
		};
		56AF11432BDED05B00887073 /* Debug */ = {
			isa = XCBuildConfiguration;
			buildSettings = {
				ALWAYS_EMBED_SWIFT_STANDARD_LIBRARIES = YES;
				CODE_SIGN_STYLE = Automatic;
				CURRENT_PROJECT_VERSION = 1;
				DEVELOPMENT_TEAM = 7RPD69GC7T;
				GENERATE_INFOPLIST_FILE = YES;
				IPHONEOS_DEPLOYMENT_TARGET = 17.4;
				MACOSX_DEPLOYMENT_TARGET = 14.0;
				MARKETING_VERSION = 1.0;
				PRODUCT_BUNDLE_IDENTIFIER = pro.veit.GrowGuardUITests;
				PRODUCT_NAME = "$(TARGET_NAME)";
				SDKROOT = auto;
				SUPPORTED_PLATFORMS = "iphoneos iphonesimulator macosx";
				SWIFT_EMIT_LOC_STRINGS = NO;
				SWIFT_VERSION = 5.0;
				TARGETED_DEVICE_FAMILY = "1,2";
				TEST_TARGET_NAME = GrowGuard;
			};
			name = Debug;
		};
		56AF11442BDED05B00887073 /* Release */ = {
			isa = XCBuildConfiguration;
			buildSettings = {
				ALWAYS_EMBED_SWIFT_STANDARD_LIBRARIES = YES;
				CODE_SIGN_STYLE = Automatic;
				CURRENT_PROJECT_VERSION = 1;
				DEVELOPMENT_TEAM = 7RPD69GC7T;
				GENERATE_INFOPLIST_FILE = YES;
				IPHONEOS_DEPLOYMENT_TARGET = 17.4;
				MACOSX_DEPLOYMENT_TARGET = 14.0;
				MARKETING_VERSION = 1.0;
				PRODUCT_BUNDLE_IDENTIFIER = pro.veit.GrowGuardUITests;
				PRODUCT_NAME = "$(TARGET_NAME)";
				SDKROOT = auto;
				SUPPORTED_PLATFORMS = "iphoneos iphonesimulator macosx";
				SWIFT_EMIT_LOC_STRINGS = NO;
				SWIFT_VERSION = 5.0;
				TARGETED_DEVICE_FAMILY = "1,2";
				TEST_TARGET_NAME = GrowGuard;
			};
			name = Release;
		};
/* End XCBuildConfiguration section */

/* Begin XCConfigurationList section */
		56AF11102BDED05900887073 /* Build configuration list for PBXProject "GrowGuard" */ = {
			isa = XCConfigurationList;
			buildConfigurations = (
				56AF113A2BDED05B00887073 /* Debug */,
				56AF113B2BDED05B00887073 /* Release */,
			);
			defaultConfigurationIsVisible = 0;
			defaultConfigurationName = Release;
		};
		56AF113C2BDED05B00887073 /* Build configuration list for PBXNativeTarget "GrowGuard" */ = {
			isa = XCConfigurationList;
			buildConfigurations = (
				56AF113D2BDED05B00887073 /* Debug */,
				56AF113E2BDED05B00887073 /* Release */,
			);
			defaultConfigurationIsVisible = 0;
			defaultConfigurationName = Release;
		};
		56AF113F2BDED05B00887073 /* Build configuration list for PBXNativeTarget "GrowGuardTests" */ = {
			isa = XCConfigurationList;
			buildConfigurations = (
				56AF11402BDED05B00887073 /* Debug */,
				56AF11412BDED05B00887073 /* Release */,
			);
			defaultConfigurationIsVisible = 0;
			defaultConfigurationName = Release;
		};
		56AF11422BDED05B00887073 /* Build configuration list for PBXNativeTarget "GrowGuardUITests" */ = {
			isa = XCConfigurationList;
			buildConfigurations = (
				56AF11432BDED05B00887073 /* Debug */,
				56AF11442BDED05B00887073 /* Release */,
			);
			defaultConfigurationIsVisible = 0;
			defaultConfigurationName = Release;
		};
/* End XCConfigurationList section */
	};
	rootObject = 56AF110D2BDED05900887073 /* Project object */;
}
